// !$*UTF8*$!
{
	archiveVersion = 1;
	classes = {
	};
	objectVersion = 55;
	objects = {

/* Begin PBXBuildFile section */
		0023D49208FEC32A119E1781 /* Pods_wineFineThankyouTests.framework in Frameworks */ = {isa = PBXBuildFile; fileRef = 1709255243E4ECFC7CE836DF /* Pods_wineFineThankyouTests.framework */; };
		15BD198AC7DFB4AC40BE8CF9 /* Pods_wineFineThankyou.framework in Frameworks */ = {isa = PBXBuildFile; fileRef = 8DA220429529CD5F9C0FAF51 /* Pods_wineFineThankyou.framework */; };
		3A6FD10DC6A7701A12383C88 /* Pods_wineFineThankyou_wineFineThankyouUITests.framework in Frameworks */ = {isa = PBXBuildFile; fileRef = EE3B95EEF70C95C3E2E5C680 /* Pods_wineFineThankyou_wineFineThankyouUITests.framework */; };
		44FF1CBF278471A700FD8567 /* AppDelegate.swift in Sources */ = {isa = PBXBuildFile; fileRef = 44FF1CBE278471A700FD8567 /* AppDelegate.swift */; };
		44FF1CC1278471A700FD8567 /* SceneDelegate.swift in Sources */ = {isa = PBXBuildFile; fileRef = 44FF1CC0278471A700FD8567 /* SceneDelegate.swift */; };
		44FF1CC3278471A700FD8567 /* ViewController.swift in Sources */ = {isa = PBXBuildFile; fileRef = 44FF1CC2278471A700FD8567 /* ViewController.swift */; };
		44FF1CC6278471A700FD8567 /* Main.storyboard in Resources */ = {isa = PBXBuildFile; fileRef = 44FF1CC4278471A700FD8567 /* Main.storyboard */; };
		44FF1CC8278471A900FD8567 /* Assets.xcassets in Resources */ = {isa = PBXBuildFile; fileRef = 44FF1CC7278471A900FD8567 /* Assets.xcassets */; };
		44FF1CCB278471A900FD8567 /* LaunchScreen.storyboard in Resources */ = {isa = PBXBuildFile; fileRef = 44FF1CC9278471A900FD8567 /* LaunchScreen.storyboard */; };
		44FF1CD6278471AA00FD8567 /* wineFineThankyouTests.swift in Sources */ = {isa = PBXBuildFile; fileRef = 44FF1CD5278471AA00FD8567 /* wineFineThankyouTests.swift */; };
		44FF1CE0278471AA00FD8567 /* wineFineThankyouUITests.swift in Sources */ = {isa = PBXBuildFile; fileRef = 44FF1CDF278471AA00FD8567 /* wineFineThankyouUITests.swift */; };
		44FF1CE2278471AA00FD8567 /* wineFineThankyouUITestsLaunchTests.swift in Sources */ = {isa = PBXBuildFile; fileRef = 44FF1CE1278471AA00FD8567 /* wineFineThankyouUITestsLaunchTests.swift */; };
		44FF1CEF27869EA700FD8567 /* LoginViewController.swift in Sources */ = {isa = PBXBuildFile; fileRef = 44FF1CEE27869EA700FD8567 /* LoginViewController.swift */; };
		44FF1CF42786A6D000FD8567 /* exam.jpeg in Resources */ = {isa = PBXBuildFile; fileRef = 44FF1CF32786A6D000FD8567 /* exam.jpeg */; };
		44FF1CF72786BCFF00FD8567 /* GoogleService-Info.plist in Resources */ = {isa = PBXBuildFile; fileRef = 44FF1CF62786BCFF00FD8567 /* GoogleService-Info.plist */; };
		44FF1CFA2786C03000FD8567 /* FirebaseAuth in Frameworks */ = {isa = PBXBuildFile; productRef = 44FF1CF92786C03000FD8567 /* FirebaseAuth */; };
/* End PBXBuildFile section */

/* Begin PBXContainerItemProxy section */
		44FF1CD2278471AA00FD8567 /* PBXContainerItemProxy */ = {
			isa = PBXContainerItemProxy;
			containerPortal = 44FF1CB3278471A700FD8567 /* Project object */;
			proxyType = 1;
			remoteGlobalIDString = 44FF1CBA278471A700FD8567;
			remoteInfo = wineFineThankyou;
		};
		44FF1CDC278471AA00FD8567 /* PBXContainerItemProxy */ = {
			isa = PBXContainerItemProxy;
			containerPortal = 44FF1CB3278471A700FD8567 /* Project object */;
			proxyType = 1;
			remoteGlobalIDString = 44FF1CBA278471A700FD8567;
			remoteInfo = wineFineThankyou;
		};
/* End PBXContainerItemProxy section */

/* Begin PBXFileReference section */
		004F783C4087B6DA725CDB98 /* Pods-wineFineThankyouTests.release.xcconfig */ = {isa = PBXFileReference; includeInIndex = 1; lastKnownFileType = text.xcconfig; name = "Pods-wineFineThankyouTests.release.xcconfig"; path = "Target Support Files/Pods-wineFineThankyouTests/Pods-wineFineThankyouTests.release.xcconfig"; sourceTree = "<group>"; };
		1709255243E4ECFC7CE836DF /* Pods_wineFineThankyouTests.framework */ = {isa = PBXFileReference; explicitFileType = wrapper.framework; includeInIndex = 0; path = Pods_wineFineThankyouTests.framework; sourceTree = BUILT_PRODUCTS_DIR; };
		44FF1CBB278471A700FD8567 /* wineFineThankyou.app */ = {isa = PBXFileReference; explicitFileType = wrapper.application; includeInIndex = 0; path = wineFineThankyou.app; sourceTree = BUILT_PRODUCTS_DIR; };
		44FF1CBE278471A700FD8567 /* AppDelegate.swift */ = {isa = PBXFileReference; lastKnownFileType = sourcecode.swift; path = AppDelegate.swift; sourceTree = "<group>"; };
		44FF1CC0278471A700FD8567 /* SceneDelegate.swift */ = {isa = PBXFileReference; lastKnownFileType = sourcecode.swift; path = SceneDelegate.swift; sourceTree = "<group>"; };
		44FF1CC2278471A700FD8567 /* ViewController.swift */ = {isa = PBXFileReference; lastKnownFileType = sourcecode.swift; path = ViewController.swift; sourceTree = "<group>"; };
		44FF1CC5278471A700FD8567 /* Base */ = {isa = PBXFileReference; lastKnownFileType = file.storyboard; name = Base; path = Base.lproj/Main.storyboard; sourceTree = "<group>"; };
		44FF1CC7278471A900FD8567 /* Assets.xcassets */ = {isa = PBXFileReference; lastKnownFileType = folder.assetcatalog; path = Assets.xcassets; sourceTree = "<group>"; };
		44FF1CCA278471A900FD8567 /* Base */ = {isa = PBXFileReference; lastKnownFileType = file.storyboard; name = Base; path = Base.lproj/LaunchScreen.storyboard; sourceTree = "<group>"; };
		44FF1CCC278471A900FD8567 /* Info.plist */ = {isa = PBXFileReference; lastKnownFileType = text.plist.xml; path = Info.plist; sourceTree = "<group>"; };
		44FF1CD1278471AA00FD8567 /* wineFineThankyouTests.xctest */ = {isa = PBXFileReference; explicitFileType = wrapper.cfbundle; includeInIndex = 0; path = wineFineThankyouTests.xctest; sourceTree = BUILT_PRODUCTS_DIR; };
		44FF1CD5278471AA00FD8567 /* wineFineThankyouTests.swift */ = {isa = PBXFileReference; lastKnownFileType = sourcecode.swift; path = wineFineThankyouTests.swift; sourceTree = "<group>"; };
		44FF1CDB278471AA00FD8567 /* wineFineThankyouUITests.xctest */ = {isa = PBXFileReference; explicitFileType = wrapper.cfbundle; includeInIndex = 0; path = wineFineThankyouUITests.xctest; sourceTree = BUILT_PRODUCTS_DIR; };
		44FF1CDF278471AA00FD8567 /* wineFineThankyouUITests.swift */ = {isa = PBXFileReference; lastKnownFileType = sourcecode.swift; path = wineFineThankyouUITests.swift; sourceTree = "<group>"; };
		44FF1CE1278471AA00FD8567 /* wineFineThankyouUITestsLaunchTests.swift */ = {isa = PBXFileReference; lastKnownFileType = sourcecode.swift; path = wineFineThankyouUITestsLaunchTests.swift; sourceTree = "<group>"; };
		44FF1CEE27869EA700FD8567 /* LoginViewController.swift */ = {isa = PBXFileReference; lastKnownFileType = sourcecode.swift; path = LoginViewController.swift; sourceTree = "<group>"; };
		44FF1CF32786A6D000FD8567 /* exam.jpeg */ = {isa = PBXFileReference; lastKnownFileType = image.jpeg; path = exam.jpeg; sourceTree = "<group>"; };
		44FF1CF62786BCFF00FD8567 /* GoogleService-Info.plist */ = {isa = PBXFileReference; fileEncoding = 4; lastKnownFileType = text.plist.xml; path = "GoogleService-Info.plist"; sourceTree = "<group>"; };
		54A17EDCD46540D5093DB3B0 /* Pods-wineFineThankyou.release.xcconfig */ = {isa = PBXFileReference; includeInIndex = 1; lastKnownFileType = text.xcconfig; name = "Pods-wineFineThankyou.release.xcconfig"; path = "Target Support Files/Pods-wineFineThankyou/Pods-wineFineThankyou.release.xcconfig"; sourceTree = "<group>"; };
		5C8CC6FE9D67DD19C9EF6FD1 /* Pods-wineFineThankyouTests.debug.xcconfig */ = {isa = PBXFileReference; includeInIndex = 1; lastKnownFileType = text.xcconfig; name = "Pods-wineFineThankyouTests.debug.xcconfig"; path = "Target Support Files/Pods-wineFineThankyouTests/Pods-wineFineThankyouTests.debug.xcconfig"; sourceTree = "<group>"; };
		5E5640DF27C54B3B970977E0 /* Pods-wineFineThankyou-wineFineThankyouUITests.release.xcconfig */ = {isa = PBXFileReference; includeInIndex = 1; lastKnownFileType = text.xcconfig; name = "Pods-wineFineThankyou-wineFineThankyouUITests.release.xcconfig"; path = "Target Support Files/Pods-wineFineThankyou-wineFineThankyouUITests/Pods-wineFineThankyou-wineFineThankyouUITests.release.xcconfig"; sourceTree = "<group>"; };
		8DA220429529CD5F9C0FAF51 /* Pods_wineFineThankyou.framework */ = {isa = PBXFileReference; explicitFileType = wrapper.framework; includeInIndex = 0; path = Pods_wineFineThankyou.framework; sourceTree = BUILT_PRODUCTS_DIR; };
		9E754531D684B848A3BC5405 /* Pods-wineFineThankyou-wineFineThankyouUITests.debug.xcconfig */ = {isa = PBXFileReference; includeInIndex = 1; lastKnownFileType = text.xcconfig; name = "Pods-wineFineThankyou-wineFineThankyouUITests.debug.xcconfig"; path = "Target Support Files/Pods-wineFineThankyou-wineFineThankyouUITests/Pods-wineFineThankyou-wineFineThankyouUITests.debug.xcconfig"; sourceTree = "<group>"; };
		B85ED4350BB63EE5D3D456A1 /* Pods-wineFineThankyou.debug.xcconfig */ = {isa = PBXFileReference; includeInIndex = 1; lastKnownFileType = text.xcconfig; name = "Pods-wineFineThankyou.debug.xcconfig"; path = "Target Support Files/Pods-wineFineThankyou/Pods-wineFineThankyou.debug.xcconfig"; sourceTree = "<group>"; };
		EE3B95EEF70C95C3E2E5C680 /* Pods_wineFineThankyou_wineFineThankyouUITests.framework */ = {isa = PBXFileReference; explicitFileType = wrapper.framework; includeInIndex = 0; path = Pods_wineFineThankyou_wineFineThankyouUITests.framework; sourceTree = BUILT_PRODUCTS_DIR; };
/* End PBXFileReference section */

/* Begin PBXFrameworksBuildPhase section */
		44FF1CB8278471A700FD8567 /* Frameworks */ = {
			isa = PBXFrameworksBuildPhase;
			buildActionMask = 2147483647;
			files = (
				15BD198AC7DFB4AC40BE8CF9 /* Pods_wineFineThankyou.framework in Frameworks */,
				44FF1CFA2786C03000FD8567 /* FirebaseAuth in Frameworks */,
			);
			runOnlyForDeploymentPostprocessing = 0;
		};
		44FF1CCE278471AA00FD8567 /* Frameworks */ = {
			isa = PBXFrameworksBuildPhase;
			buildActionMask = 2147483647;
			files = (
				0023D49208FEC32A119E1781 /* Pods_wineFineThankyouTests.framework in Frameworks */,
			);
			runOnlyForDeploymentPostprocessing = 0;
		};
		44FF1CD8278471AA00FD8567 /* Frameworks */ = {
			isa = PBXFrameworksBuildPhase;
			buildActionMask = 2147483647;
			files = (
				3A6FD10DC6A7701A12383C88 /* Pods_wineFineThankyou_wineFineThankyouUITests.framework in Frameworks */,
			);
			runOnlyForDeploymentPostprocessing = 0;
		};
/* End PBXFrameworksBuildPhase section */

/* Begin PBXGroup section */
		404D13175F7D7F353963B2E4 /* Frameworks */ = {
			isa = PBXGroup;
			children = (
				8DA220429529CD5F9C0FAF51 /* Pods_wineFineThankyou.framework */,
				EE3B95EEF70C95C3E2E5C680 /* Pods_wineFineThankyou_wineFineThankyouUITests.framework */,
				1709255243E4ECFC7CE836DF /* Pods_wineFineThankyouTests.framework */,
			);
			name = Frameworks;
			sourceTree = "<group>";
		};
		44FF1CB2278471A700FD8567 = {
			isa = PBXGroup;
			children = (
				44FF1CBD278471A700FD8567 /* wineFineThankyou */,
				44FF1CD4278471AA00FD8567 /* wineFineThankyouTests */,
				44FF1CDE278471AA00FD8567 /* wineFineThankyouUITests */,
				44FF1CBC278471A700FD8567 /* Products */,
				D55090A1FA48D46D11A58126 /* Pods */,
				404D13175F7D7F353963B2E4 /* Frameworks */,
			);
			sourceTree = "<group>";
		};
		44FF1CBC278471A700FD8567 /* Products */ = {
			isa = PBXGroup;
			children = (
				44FF1CBB278471A700FD8567 /* wineFineThankyou.app */,
				44FF1CD1278471AA00FD8567 /* wineFineThankyouTests.xctest */,
				44FF1CDB278471AA00FD8567 /* wineFineThankyouUITests.xctest */,
			);
			name = Products;
			sourceTree = "<group>";
		};
		44FF1CBD278471A700FD8567 /* wineFineThankyou */ = {
			isa = PBXGroup;
			children = (
				44FF1CF62786BCFF00FD8567 /* GoogleService-Info.plist */,
				44FF1CF52786A6D300FD8567 /* etc */,
				44FF1CF027869ED000FD8567 /* 00_Login */,
				44FF1CBE278471A700FD8567 /* AppDelegate.swift */,
				44FF1CC0278471A700FD8567 /* SceneDelegate.swift */,
				44FF1CC2278471A700FD8567 /* ViewController.swift */,
				44FF1CC4278471A700FD8567 /* Main.storyboard */,
				44FF1CC7278471A900FD8567 /* Assets.xcassets */,
				44FF1CC9278471A900FD8567 /* LaunchScreen.storyboard */,
				44FF1CCC278471A900FD8567 /* Info.plist */,
			);
			path = wineFineThankyou;
			sourceTree = "<group>";
		};
		44FF1CD4278471AA00FD8567 /* wineFineThankyouTests */ = {
			isa = PBXGroup;
			children = (
				44FF1CD5278471AA00FD8567 /* wineFineThankyouTests.swift */,
			);
			path = wineFineThankyouTests;
			sourceTree = "<group>";
		};
		44FF1CDE278471AA00FD8567 /* wineFineThankyouUITests */ = {
			isa = PBXGroup;
			children = (
				44FF1CDF278471AA00FD8567 /* wineFineThankyouUITests.swift */,
				44FF1CE1278471AA00FD8567 /* wineFineThankyouUITestsLaunchTests.swift */,
			);
			path = wineFineThankyouUITests;
			sourceTree = "<group>";
		};
		44FF1CF027869ED000FD8567 /* 00_Login */ = {
			isa = PBXGroup;
			children = (
				44FF1CEE27869EA700FD8567 /* LoginViewController.swift */,
			);
			path = 00_Login;
			sourceTree = "<group>";
		};
		44FF1CF52786A6D300FD8567 /* etc */ = {
			isa = PBXGroup;
			children = (
				44FF1CF32786A6D000FD8567 /* exam.jpeg */,
			);
			path = etc;
			sourceTree = "<group>";
		};
		D55090A1FA48D46D11A58126 /* Pods */ = {
			isa = PBXGroup;
			children = (
				B85ED4350BB63EE5D3D456A1 /* Pods-wineFineThankyou.debug.xcconfig */,
				54A17EDCD46540D5093DB3B0 /* Pods-wineFineThankyou.release.xcconfig */,
				9E754531D684B848A3BC5405 /* Pods-wineFineThankyou-wineFineThankyouUITests.debug.xcconfig */,
				5E5640DF27C54B3B970977E0 /* Pods-wineFineThankyou-wineFineThankyouUITests.release.xcconfig */,
				5C8CC6FE9D67DD19C9EF6FD1 /* Pods-wineFineThankyouTests.debug.xcconfig */,
				004F783C4087B6DA725CDB98 /* Pods-wineFineThankyouTests.release.xcconfig */,
			);
			path = Pods;
			sourceTree = "<group>";
		};
/* End PBXGroup section */

/* Begin PBXNativeTarget section */
		44FF1CBA278471A700FD8567 /* wineFineThankyou */ = {
			isa = PBXNativeTarget;
			buildConfigurationList = 44FF1CE5278471AA00FD8567 /* Build configuration list for PBXNativeTarget "wineFineThankyou" */;
			buildPhases = (
				9FCE2AAC5DC3BABEF1EF7548 /* [CP] Check Pods Manifest.lock */,
				44FF1CB7278471A700FD8567 /* Sources */,
				44FF1CB8278471A700FD8567 /* Frameworks */,
				44FF1CB9278471A700FD8567 /* Resources */,
				A133D5579A281113599E77E9 /* [CP] Embed Pods Frameworks */,
				2688E9CAC66C11B1900F1A45 /* [CP] Copy Pods Resources */,
			);
			buildRules = (
			);
			dependencies = (
			);
			name = wineFineThankyou;
			packageProductDependencies = (
				44FF1CF92786C03000FD8567 /* FirebaseAuth */,
			);
			productName = wineFineThankyou;
			productReference = 44FF1CBB278471A700FD8567 /* wineFineThankyou.app */;
			productType = "com.apple.product-type.application";
		};
		44FF1CD0278471AA00FD8567 /* wineFineThankyouTests */ = {
			isa = PBXNativeTarget;
			buildConfigurationList = 44FF1CE8278471AA00FD8567 /* Build configuration list for PBXNativeTarget "wineFineThankyouTests" */;
			buildPhases = (
				DB2E065B357F0A4E37156BE3 /* [CP] Check Pods Manifest.lock */,
				44FF1CCD278471AA00FD8567 /* Sources */,
				44FF1CCE278471AA00FD8567 /* Frameworks */,
				44FF1CCF278471AA00FD8567 /* Resources */,
			);
			buildRules = (
			);
			dependencies = (
				44FF1CD3278471AA00FD8567 /* PBXTargetDependency */,
			);
			name = wineFineThankyouTests;
			productName = wineFineThankyouTests;
			productReference = 44FF1CD1278471AA00FD8567 /* wineFineThankyouTests.xctest */;
			productType = "com.apple.product-type.bundle.unit-test";
		};
		44FF1CDA278471AA00FD8567 /* wineFineThankyouUITests */ = {
			isa = PBXNativeTarget;
			buildConfigurationList = 44FF1CEB278471AA00FD8567 /* Build configuration list for PBXNativeTarget "wineFineThankyouUITests" */;
			buildPhases = (
				C0E0F1941005FC5C2BDC36EB /* [CP] Check Pods Manifest.lock */,
				44FF1CD7278471AA00FD8567 /* Sources */,
				44FF1CD8278471AA00FD8567 /* Frameworks */,
				44FF1CD9278471AA00FD8567 /* Resources */,
				BF9C78582F27254FE94A67B3 /* [CP] Embed Pods Frameworks */,
				F8338BF82090A2B1089D8161 /* [CP] Copy Pods Resources */,
			);
			buildRules = (
			);
			dependencies = (
				44FF1CDD278471AA00FD8567 /* PBXTargetDependency */,
			);
			name = wineFineThankyouUITests;
			productName = wineFineThankyouUITests;
			productReference = 44FF1CDB278471AA00FD8567 /* wineFineThankyouUITests.xctest */;
			productType = "com.apple.product-type.bundle.ui-testing";
		};
/* End PBXNativeTarget section */

/* Begin PBXProject section */
		44FF1CB3278471A700FD8567 /* Project object */ = {
			isa = PBXProject;
			attributes = {
				BuildIndependentTargetsInParallel = 1;
				LastSwiftUpdateCheck = 1300;
				LastUpgradeCheck = 1300;
				TargetAttributes = {
					44FF1CBA278471A700FD8567 = {
						CreatedOnToolsVersion = 13.0;
					};
					44FF1CD0278471AA00FD8567 = {
						CreatedOnToolsVersion = 13.0;
						TestTargetID = 44FF1CBA278471A700FD8567;
					};
					44FF1CDA278471AA00FD8567 = {
						CreatedOnToolsVersion = 13.0;
						TestTargetID = 44FF1CBA278471A700FD8567;
					};
				};
			};
			buildConfigurationList = 44FF1CB6278471A700FD8567 /* Build configuration list for PBXProject "wineFineThankyou" */;
			compatibilityVersion = "Xcode 13.0";
			developmentRegion = en;
			hasScannedForEncodings = 0;
			knownRegions = (
				en,
				Base,
			);
			mainGroup = 44FF1CB2278471A700FD8567;
			packageReferences = (
				44FF1CF82786C03000FD8567 /* XCRemoteSwiftPackageReference "firebase-ios-sdk" */,
			);
			productRefGroup = 44FF1CBC278471A700FD8567 /* Products */;
			projectDirPath = "";
			projectRoot = "";
			targets = (
				44FF1CBA278471A700FD8567 /* wineFineThankyou */,
				44FF1CD0278471AA00FD8567 /* wineFineThankyouTests */,
				44FF1CDA278471AA00FD8567 /* wineFineThankyouUITests */,
			);
		};
/* End PBXProject section */

/* Begin PBXResourcesBuildPhase section */
		44FF1CB9278471A700FD8567 /* Resources */ = {
			isa = PBXResourcesBuildPhase;
			buildActionMask = 2147483647;
			files = (
				44FF1CCB278471A900FD8567 /* LaunchScreen.storyboard in Resources */,
				44FF1CF42786A6D000FD8567 /* exam.jpeg in Resources */,
				44FF1CF72786BCFF00FD8567 /* GoogleService-Info.plist in Resources */,
				44FF1CC8278471A900FD8567 /* Assets.xcassets in Resources */,
				44FF1CC6278471A700FD8567 /* Main.storyboard in Resources */,
			);
			runOnlyForDeploymentPostprocessing = 0;
		};
		44FF1CCF278471AA00FD8567 /* Resources */ = {
			isa = PBXResourcesBuildPhase;
			buildActionMask = 2147483647;
			files = (
			);
			runOnlyForDeploymentPostprocessing = 0;
		};
		44FF1CD9278471AA00FD8567 /* Resources */ = {
			isa = PBXResourcesBuildPhase;
			buildActionMask = 2147483647;
			files = (
			);
			runOnlyForDeploymentPostprocessing = 0;
		};
/* End PBXResourcesBuildPhase section */

/* Begin PBXShellScriptBuildPhase section */
		2688E9CAC66C11B1900F1A45 /* [CP] Copy Pods Resources */ = {
			isa = PBXShellScriptBuildPhase;
			buildActionMask = 2147483647;
			files = (
			);
			inputFileListPaths = (
				"${PODS_ROOT}/Target Support Files/Pods-wineFineThankyou/Pods-wineFineThankyou-resources-${CONFIGURATION}-input-files.xcfilelist",
			);
			name = "[CP] Copy Pods Resources";
			outputFileListPaths = (
				"${PODS_ROOT}/Target Support Files/Pods-wineFineThankyou/Pods-wineFineThankyou-resources-${CONFIGURATION}-output-files.xcfilelist",
			);
			runOnlyForDeploymentPostprocessing = 0;
			shellPath = /bin/sh;
			shellScript = "\"${PODS_ROOT}/Target Support Files/Pods-wineFineThankyou/Pods-wineFineThankyou-resources.sh\"\n";
			showEnvVarsInLog = 0;
		};
		9FCE2AAC5DC3BABEF1EF7548 /* [CP] Check Pods Manifest.lock */ = {
			isa = PBXShellScriptBuildPhase;
			buildActionMask = 2147483647;
			files = (
			);
			inputFileListPaths = (
			);
			inputPaths = (
				"${PODS_PODFILE_DIR_PATH}/Podfile.lock",
				"${PODS_ROOT}/Manifest.lock",
			);
			name = "[CP] Check Pods Manifest.lock";
			outputFileListPaths = (
			);
			outputPaths = (
				"$(DERIVED_FILE_DIR)/Pods-wineFineThankyou-checkManifestLockResult.txt",
			);
			runOnlyForDeploymentPostprocessing = 0;
			shellPath = /bin/sh;
			shellScript = "diff \"${PODS_PODFILE_DIR_PATH}/Podfile.lock\" \"${PODS_ROOT}/Manifest.lock\" > /dev/null\nif [ $? != 0 ] ; then\n    # print error to STDERR\n    echo \"error: The sandbox is not in sync with the Podfile.lock. Run 'pod install' or update your CocoaPods installation.\" >&2\n    exit 1\nfi\n# This output is used by Xcode 'outputs' to avoid re-running this script phase.\necho \"SUCCESS\" > \"${SCRIPT_OUTPUT_FILE_0}\"\n";
			showEnvVarsInLog = 0;
		};
		A133D5579A281113599E77E9 /* [CP] Embed Pods Frameworks */ = {
			isa = PBXShellScriptBuildPhase;
			buildActionMask = 2147483647;
			files = (
			);
			inputFileListPaths = (
				"${PODS_ROOT}/Target Support Files/Pods-wineFineThankyou/Pods-wineFineThankyou-frameworks-${CONFIGURATION}-input-files.xcfilelist",
			);
			name = "[CP] Embed Pods Frameworks";
			outputFileListPaths = (
				"${PODS_ROOT}/Target Support Files/Pods-wineFineThankyou/Pods-wineFineThankyou-frameworks-${CONFIGURATION}-output-files.xcfilelist",
			);
			runOnlyForDeploymentPostprocessing = 0;
			shellPath = /bin/sh;
			shellScript = "\"${PODS_ROOT}/Target Support Files/Pods-wineFineThankyou/Pods-wineFineThankyou-frameworks.sh\"\n";
			showEnvVarsInLog = 0;
		};
		BF9C78582F27254FE94A67B3 /* [CP] Embed Pods Frameworks */ = {
			isa = PBXShellScriptBuildPhase;
			buildActionMask = 2147483647;
			files = (
			);
			inputFileListPaths = (
				"${PODS_ROOT}/Target Support Files/Pods-wineFineThankyou-wineFineThankyouUITests/Pods-wineFineThankyou-wineFineThankyouUITests-frameworks-${CONFIGURATION}-input-files.xcfilelist",
			);
			name = "[CP] Embed Pods Frameworks";
			outputFileListPaths = (
				"${PODS_ROOT}/Target Support Files/Pods-wineFineThankyou-wineFineThankyouUITests/Pods-wineFineThankyou-wineFineThankyouUITests-frameworks-${CONFIGURATION}-output-files.xcfilelist",
			);
			runOnlyForDeploymentPostprocessing = 0;
			shellPath = /bin/sh;
			shellScript = "\"${PODS_ROOT}/Target Support Files/Pods-wineFineThankyou-wineFineThankyouUITests/Pods-wineFineThankyou-wineFineThankyouUITests-frameworks.sh\"\n";
			showEnvVarsInLog = 0;
		};
		C0E0F1941005FC5C2BDC36EB /* [CP] Check Pods Manifest.lock */ = {
			isa = PBXShellScriptBuildPhase;
			buildActionMask = 2147483647;
			files = (
			);
			inputFileListPaths = (
			);
			inputPaths = (
				"${PODS_PODFILE_DIR_PATH}/Podfile.lock",
				"${PODS_ROOT}/Manifest.lock",
			);
			name = "[CP] Check Pods Manifest.lock";
			outputFileListPaths = (
			);
			outputPaths = (
				"$(DERIVED_FILE_DIR)/Pods-wineFineThankyou-wineFineThankyouUITests-checkManifestLockResult.txt",
			);
			runOnlyForDeploymentPostprocessing = 0;
			shellPath = /bin/sh;
			shellScript = "diff \"${PODS_PODFILE_DIR_PATH}/Podfile.lock\" \"${PODS_ROOT}/Manifest.lock\" > /dev/null\nif [ $? != 0 ] ; then\n    # print error to STDERR\n    echo \"error: The sandbox is not in sync with the Podfile.lock. Run 'pod install' or update your CocoaPods installation.\" >&2\n    exit 1\nfi\n# This output is used by Xcode 'outputs' to avoid re-running this script phase.\necho \"SUCCESS\" > \"${SCRIPT_OUTPUT_FILE_0}\"\n";
			showEnvVarsInLog = 0;
		};
		DB2E065B357F0A4E37156BE3 /* [CP] Check Pods Manifest.lock */ = {
			isa = PBXShellScriptBuildPhase;
			buildActionMask = 2147483647;
			files = (
			);
			inputFileListPaths = (
			);
			inputPaths = (
				"${PODS_PODFILE_DIR_PATH}/Podfile.lock",
				"${PODS_ROOT}/Manifest.lock",
			);
			name = "[CP] Check Pods Manifest.lock";
			outputFileListPaths = (
			);
			outputPaths = (
				"$(DERIVED_FILE_DIR)/Pods-wineFineThankyouTests-checkManifestLockResult.txt",
			);
			runOnlyForDeploymentPostprocessing = 0;
			shellPath = /bin/sh;
			shellScript = "diff \"${PODS_PODFILE_DIR_PATH}/Podfile.lock\" \"${PODS_ROOT}/Manifest.lock\" > /dev/null\nif [ $? != 0 ] ; then\n    # print error to STDERR\n    echo \"error: The sandbox is not in sync with the Podfile.lock. Run 'pod install' or update your CocoaPods installation.\" >&2\n    exit 1\nfi\n# This output is used by Xcode 'outputs' to avoid re-running this script phase.\necho \"SUCCESS\" > \"${SCRIPT_OUTPUT_FILE_0}\"\n";
			showEnvVarsInLog = 0;
		};
		F8338BF82090A2B1089D8161 /* [CP] Copy Pods Resources */ = {
			isa = PBXShellScriptBuildPhase;
			buildActionMask = 2147483647;
			files = (
			);
			inputFileListPaths = (
				"${PODS_ROOT}/Target Support Files/Pods-wineFineThankyou-wineFineThankyouUITests/Pods-wineFineThankyou-wineFineThankyouUITests-resources-${CONFIGURATION}-input-files.xcfilelist",
			);
			name = "[CP] Copy Pods Resources";
			outputFileListPaths = (
				"${PODS_ROOT}/Target Support Files/Pods-wineFineThankyou-wineFineThankyouUITests/Pods-wineFineThankyou-wineFineThankyouUITests-resources-${CONFIGURATION}-output-files.xcfilelist",
			);
			runOnlyForDeploymentPostprocessing = 0;
			shellPath = /bin/sh;
			shellScript = "\"${PODS_ROOT}/Target Support Files/Pods-wineFineThankyou-wineFineThankyouUITests/Pods-wineFineThankyou-wineFineThankyouUITests-resources.sh\"\n";
			showEnvVarsInLog = 0;
		};
/* End PBXShellScriptBuildPhase section */

/* Begin PBXSourcesBuildPhase section */
		44FF1CB7278471A700FD8567 /* Sources */ = {
			isa = PBXSourcesBuildPhase;
			buildActionMask = 2147483647;
			files = (
				44FF1CEF27869EA700FD8567 /* LoginViewController.swift in Sources */,
				44FF1CC3278471A700FD8567 /* ViewController.swift in Sources */,
				44FF1CBF278471A700FD8567 /* AppDelegate.swift in Sources */,
				44FF1CC1278471A700FD8567 /* SceneDelegate.swift in Sources */,
			);
			runOnlyForDeploymentPostprocessing = 0;
		};
		44FF1CCD278471AA00FD8567 /* Sources */ = {
			isa = PBXSourcesBuildPhase;
			buildActionMask = 2147483647;
			files = (
				44FF1CD6278471AA00FD8567 /* wineFineThankyouTests.swift in Sources */,
			);
			runOnlyForDeploymentPostprocessing = 0;
		};
		44FF1CD7278471AA00FD8567 /* Sources */ = {
			isa = PBXSourcesBuildPhase;
			buildActionMask = 2147483647;
			files = (
				44FF1CE2278471AA00FD8567 /* wineFineThankyouUITestsLaunchTests.swift in Sources */,
				44FF1CE0278471AA00FD8567 /* wineFineThankyouUITests.swift in Sources */,
			);
			runOnlyForDeploymentPostprocessing = 0;
		};
/* End PBXSourcesBuildPhase section */

/* Begin PBXTargetDependency section */
		44FF1CD3278471AA00FD8567 /* PBXTargetDependency */ = {
			isa = PBXTargetDependency;
			target = 44FF1CBA278471A700FD8567 /* wineFineThankyou */;
			targetProxy = 44FF1CD2278471AA00FD8567 /* PBXContainerItemProxy */;
		};
		44FF1CDD278471AA00FD8567 /* PBXTargetDependency */ = {
			isa = PBXTargetDependency;
			target = 44FF1CBA278471A700FD8567 /* wineFineThankyou */;
			targetProxy = 44FF1CDC278471AA00FD8567 /* PBXContainerItemProxy */;
		};
/* End PBXTargetDependency section */

/* Begin PBXVariantGroup section */
		44FF1CC4278471A700FD8567 /* Main.storyboard */ = {
			isa = PBXVariantGroup;
			children = (
				44FF1CC5278471A700FD8567 /* Base */,
			);
			name = Main.storyboard;
			sourceTree = "<group>";
		};
		44FF1CC9278471A900FD8567 /* LaunchScreen.storyboard */ = {
			isa = PBXVariantGroup;
			children = (
				44FF1CCA278471A900FD8567 /* Base */,
			);
			name = LaunchScreen.storyboard;
			sourceTree = "<group>";
		};
/* End PBXVariantGroup section */

/* Begin XCBuildConfiguration section */
		44FF1CE3278471AA00FD8567 /* Debug */ = {
			isa = XCBuildConfiguration;
			buildSettings = {
				ALWAYS_SEARCH_USER_PATHS = NO;
				CLANG_ANALYZER_NONNULL = YES;
				CLANG_ANALYZER_NUMBER_OBJECT_CONVERSION = YES_AGGRESSIVE;
				CLANG_CXX_LANGUAGE_STANDARD = "gnu++17";
				CLANG_CXX_LIBRARY = "libc++";
				CLANG_ENABLE_MODULES = YES;
				CLANG_ENABLE_OBJC_ARC = YES;
				CLANG_ENABLE_OBJC_WEAK = YES;
				CLANG_WARN_BLOCK_CAPTURE_AUTORELEASING = YES;
				CLANG_WARN_BOOL_CONVERSION = YES;
				CLANG_WARN_COMMA = YES;
				CLANG_WARN_CONSTANT_CONVERSION = YES;
				CLANG_WARN_DEPRECATED_OBJC_IMPLEMENTATIONS = YES;
				CLANG_WARN_DIRECT_OBJC_ISA_USAGE = YES_ERROR;
				CLANG_WARN_DOCUMENTATION_COMMENTS = YES;
				CLANG_WARN_EMPTY_BODY = YES;
				CLANG_WARN_ENUM_CONVERSION = YES;
				CLANG_WARN_INFINITE_RECURSION = YES;
				CLANG_WARN_INT_CONVERSION = YES;
				CLANG_WARN_NON_LITERAL_NULL_CONVERSION = YES;
				CLANG_WARN_OBJC_IMPLICIT_RETAIN_SELF = YES;
				CLANG_WARN_OBJC_LITERAL_CONVERSION = YES;
				CLANG_WARN_OBJC_ROOT_CLASS = YES_ERROR;
				CLANG_WARN_QUOTED_INCLUDE_IN_FRAMEWORK_HEADER = YES;
				CLANG_WARN_RANGE_LOOP_ANALYSIS = YES;
				CLANG_WARN_STRICT_PROTOTYPES = YES;
				CLANG_WARN_SUSPICIOUS_MOVE = YES;
				CLANG_WARN_UNGUARDED_AVAILABILITY = YES_AGGRESSIVE;
				CLANG_WARN_UNREACHABLE_CODE = YES;
				CLANG_WARN__DUPLICATE_METHOD_MATCH = YES;
				COPY_PHASE_STRIP = NO;
				DEBUG_INFORMATION_FORMAT = dwarf;
				ENABLE_STRICT_OBJC_MSGSEND = YES;
				ENABLE_TESTABILITY = YES;
				GCC_C_LANGUAGE_STANDARD = gnu11;
				GCC_DYNAMIC_NO_PIC = NO;
				GCC_NO_COMMON_BLOCKS = YES;
				GCC_OPTIMIZATION_LEVEL = 0;
				GCC_PREPROCESSOR_DEFINITIONS = (
					"DEBUG=1",
					"$(inherited)",
				);
				GCC_WARN_64_TO_32_BIT_CONVERSION = YES;
				GCC_WARN_ABOUT_RETURN_TYPE = YES_ERROR;
				GCC_WARN_UNDECLARED_SELECTOR = YES;
				GCC_WARN_UNINITIALIZED_AUTOS = YES_AGGRESSIVE;
				GCC_WARN_UNUSED_FUNCTION = YES;
				GCC_WARN_UNUSED_VARIABLE = YES;
				IPHONEOS_DEPLOYMENT_TARGET = 15.0;
				MTL_ENABLE_DEBUG_INFO = INCLUDE_SOURCE;
				MTL_FAST_MATH = YES;
				ONLY_ACTIVE_ARCH = YES;
				SDKROOT = iphoneos;
				SWIFT_ACTIVE_COMPILATION_CONDITIONS = DEBUG;
				SWIFT_OPTIMIZATION_LEVEL = "-Onone";
			};
			name = Debug;
		};
		44FF1CE4278471AA00FD8567 /* Release */ = {
			isa = XCBuildConfiguration;
			buildSettings = {
				ALWAYS_SEARCH_USER_PATHS = NO;
				CLANG_ANALYZER_NONNULL = YES;
				CLANG_ANALYZER_NUMBER_OBJECT_CONVERSION = YES_AGGRESSIVE;
				CLANG_CXX_LANGUAGE_STANDARD = "gnu++17";
				CLANG_CXX_LIBRARY = "libc++";
				CLANG_ENABLE_MODULES = YES;
				CLANG_ENABLE_OBJC_ARC = YES;
				CLANG_ENABLE_OBJC_WEAK = YES;
				CLANG_WARN_BLOCK_CAPTURE_AUTORELEASING = YES;
				CLANG_WARN_BOOL_CONVERSION = YES;
				CLANG_WARN_COMMA = YES;
				CLANG_WARN_CONSTANT_CONVERSION = YES;
				CLANG_WARN_DEPRECATED_OBJC_IMPLEMENTATIONS = YES;
				CLANG_WARN_DIRECT_OBJC_ISA_USAGE = YES_ERROR;
				CLANG_WARN_DOCUMENTATION_COMMENTS = YES;
				CLANG_WARN_EMPTY_BODY = YES;
				CLANG_WARN_ENUM_CONVERSION = YES;
				CLANG_WARN_INFINITE_RECURSION = YES;
				CLANG_WARN_INT_CONVERSION = YES;
				CLANG_WARN_NON_LITERAL_NULL_CONVERSION = YES;
				CLANG_WARN_OBJC_IMPLICIT_RETAIN_SELF = YES;
				CLANG_WARN_OBJC_LITERAL_CONVERSION = YES;
				CLANG_WARN_OBJC_ROOT_CLASS = YES_ERROR;
				CLANG_WARN_QUOTED_INCLUDE_IN_FRAMEWORK_HEADER = YES;
				CLANG_WARN_RANGE_LOOP_ANALYSIS = YES;
				CLANG_WARN_STRICT_PROTOTYPES = YES;
				CLANG_WARN_SUSPICIOUS_MOVE = YES;
				CLANG_WARN_UNGUARDED_AVAILABILITY = YES_AGGRESSIVE;
				CLANG_WARN_UNREACHABLE_CODE = YES;
				CLANG_WARN__DUPLICATE_METHOD_MATCH = YES;
				COPY_PHASE_STRIP = NO;
				DEBUG_INFORMATION_FORMAT = "dwarf-with-dsym";
				ENABLE_NS_ASSERTIONS = NO;
				ENABLE_STRICT_OBJC_MSGSEND = YES;
				GCC_C_LANGUAGE_STANDARD = gnu11;
				GCC_NO_COMMON_BLOCKS = YES;
				GCC_WARN_64_TO_32_BIT_CONVERSION = YES;
				GCC_WARN_ABOUT_RETURN_TYPE = YES_ERROR;
				GCC_WARN_UNDECLARED_SELECTOR = YES;
				GCC_WARN_UNINITIALIZED_AUTOS = YES_AGGRESSIVE;
				GCC_WARN_UNUSED_FUNCTION = YES;
				GCC_WARN_UNUSED_VARIABLE = YES;
				IPHONEOS_DEPLOYMENT_TARGET = 15.0;
				MTL_ENABLE_DEBUG_INFO = NO;
				MTL_FAST_MATH = YES;
				SDKROOT = iphoneos;
				SWIFT_COMPILATION_MODE = wholemodule;
				SWIFT_OPTIMIZATION_LEVEL = "-O";
				VALIDATE_PRODUCT = YES;
			};
			name = Release;
		};
		44FF1CE6278471AA00FD8567 /* Debug */ = {
			isa = XCBuildConfiguration;
			baseConfigurationReference = B85ED4350BB63EE5D3D456A1 /* Pods-wineFineThankyou.debug.xcconfig */;
			buildSettings = {
				ASSETCATALOG_COMPILER_APPICON_NAME = AppIcon;
				ASSETCATALOG_COMPILER_GLOBAL_ACCENT_COLOR_NAME = AccentColor;
				CODE_SIGN_STYLE = Automatic;
				CURRENT_PROJECT_VERSION = 1;
				DEVELOPMENT_TEAM = A5S3F32X7S;
				GENERATE_INFOPLIST_FILE = YES;
				INFOPLIST_FILE = wineFineThankyou/Info.plist;
				INFOPLIST_KEY_UIApplicationSupportsIndirectInputEvents = YES;
				INFOPLIST_KEY_UILaunchStoryboardName = LaunchScreen;
				INFOPLIST_KEY_UIMainStoryboardFile = Main;
				INFOPLIST_KEY_UISupportedInterfaceOrientations_iPad = "UIInterfaceOrientationPortrait UIInterfaceOrientationPortraitUpsideDown UIInterfaceOrientationLandscapeLeft UIInterfaceOrientationLandscapeRight";
				INFOPLIST_KEY_UISupportedInterfaceOrientations_iPhone = "UIInterfaceOrientationPortrait UIInterfaceOrientationLandscapeLeft UIInterfaceOrientationLandscapeRight";
				LD_RUNPATH_SEARCH_PATHS = (
					"$(inherited)",
					"@executable_path/Frameworks",
				);
				MARKETING_VERSION = 1.0;
				PRODUCT_BUNDLE_IDENTIFIER = com.WFT.wineFineThankyou;
				PRODUCT_NAME = "$(TARGET_NAME)";
				SWIFT_EMIT_LOC_STRINGS = YES;
				SWIFT_VERSION = 5.0;
				TARGETED_DEVICE_FAMILY = "1,2";
			};
			name = Debug;
		};
		44FF1CE7278471AA00FD8567 /* Release */ = {
			isa = XCBuildConfiguration;
			baseConfigurationReference = 54A17EDCD46540D5093DB3B0 /* Pods-wineFineThankyou.release.xcconfig */;
			buildSettings = {
				ASSETCATALOG_COMPILER_APPICON_NAME = AppIcon;
				ASSETCATALOG_COMPILER_GLOBAL_ACCENT_COLOR_NAME = AccentColor;
				CODE_SIGN_STYLE = Automatic;
				CURRENT_PROJECT_VERSION = 1;
				DEVELOPMENT_TEAM = A5S3F32X7S;
				GENERATE_INFOPLIST_FILE = YES;
				INFOPLIST_FILE = wineFineThankyou/Info.plist;
				INFOPLIST_KEY_UIApplicationSupportsIndirectInputEvents = YES;
				INFOPLIST_KEY_UILaunchStoryboardName = LaunchScreen;
				INFOPLIST_KEY_UIMainStoryboardFile = Main;
				INFOPLIST_KEY_UISupportedInterfaceOrientations_iPad = "UIInterfaceOrientationPortrait UIInterfaceOrientationPortraitUpsideDown UIInterfaceOrientationLandscapeLeft UIInterfaceOrientationLandscapeRight";
				INFOPLIST_KEY_UISupportedInterfaceOrientations_iPhone = "UIInterfaceOrientationPortrait UIInterfaceOrientationLandscapeLeft UIInterfaceOrientationLandscapeRight";
				LD_RUNPATH_SEARCH_PATHS = (
					"$(inherited)",
					"@executable_path/Frameworks",
				);
				MARKETING_VERSION = 1.0;
				PRODUCT_BUNDLE_IDENTIFIER = com.WFT.wineFineThankyou;
				PRODUCT_NAME = "$(TARGET_NAME)";
				SWIFT_EMIT_LOC_STRINGS = YES;
				SWIFT_VERSION = 5.0;
				TARGETED_DEVICE_FAMILY = "1,2";
			};
			name = Release;
		};
		44FF1CE9278471AA00FD8567 /* Debug */ = {
			isa = XCBuildConfiguration;
			baseConfigurationReference = 5C8CC6FE9D67DD19C9EF6FD1 /* Pods-wineFineThankyouTests.debug.xcconfig */;
			buildSettings = {
				ALWAYS_EMBED_SWIFT_STANDARD_LIBRARIES = YES;
				BUNDLE_LOADER = "$(TEST_HOST)";
				CODE_SIGN_STYLE = Automatic;
				CURRENT_PROJECT_VERSION = 1;
				DEVELOPMENT_TEAM = A5S3F32X7S;
				GENERATE_INFOPLIST_FILE = YES;
				IPHONEOS_DEPLOYMENT_TARGET = 15.0;
				LD_RUNPATH_SEARCH_PATHS = (
					"$(inherited)",
					"@executable_path/Frameworks",
					"@loader_path/Frameworks",
				);
				MARKETING_VERSION = 1.0;
				PRODUCT_BUNDLE_IDENTIFIER = com.betty.wineFineThankyouTests;
				PRODUCT_NAME = "$(TARGET_NAME)";
				SWIFT_EMIT_LOC_STRINGS = NO;
				SWIFT_VERSION = 5.0;
				TARGETED_DEVICE_FAMILY = "1,2";
				TEST_HOST = "$(BUILT_PRODUCTS_DIR)/wineFineThankyou.app/wineFineThankyou";
			};
			name = Debug;
		};
		44FF1CEA278471AA00FD8567 /* Release */ = {
			isa = XCBuildConfiguration;
			baseConfigurationReference = 004F783C4087B6DA725CDB98 /* Pods-wineFineThankyouTests.release.xcconfig */;
			buildSettings = {
				ALWAYS_EMBED_SWIFT_STANDARD_LIBRARIES = YES;
				BUNDLE_LOADER = "$(TEST_HOST)";
				CODE_SIGN_STYLE = Automatic;
				CURRENT_PROJECT_VERSION = 1;
				DEVELOPMENT_TEAM = A5S3F32X7S;
				GENERATE_INFOPLIST_FILE = YES;
				IPHONEOS_DEPLOYMENT_TARGET = 15.0;
				LD_RUNPATH_SEARCH_PATHS = (
					"$(inherited)",
					"@executable_path/Frameworks",
					"@loader_path/Frameworks",
				);
				MARKETING_VERSION = 1.0;
				PRODUCT_BUNDLE_IDENTIFIER = com.betty.wineFineThankyouTests;
				PRODUCT_NAME = "$(TARGET_NAME)";
				SWIFT_EMIT_LOC_STRINGS = NO;
				SWIFT_VERSION = 5.0;
				TARGETED_DEVICE_FAMILY = "1,2";
				TEST_HOST = "$(BUILT_PRODUCTS_DIR)/wineFineThankyou.app/wineFineThankyou";
			};
			name = Release;
		};
		44FF1CEC278471AA00FD8567 /* Debug */ = {
			isa = XCBuildConfiguration;
			baseConfigurationReference = 9E754531D684B848A3BC5405 /* Pods-wineFineThankyou-wineFineThankyouUITests.debug.xcconfig */;
			buildSettings = {
				ALWAYS_EMBED_SWIFT_STANDARD_LIBRARIES = YES;
				CODE_SIGN_STYLE = Automatic;
				CURRENT_PROJECT_VERSION = 1;
				DEVELOPMENT_TEAM = A5S3F32X7S;
				GENERATE_INFOPLIST_FILE = YES;
				LD_RUNPATH_SEARCH_PATHS = (
					"$(inherited)",
					"@executable_path/Frameworks",
					"@loader_path/Frameworks",
				);
				MARKETING_VERSION = 1.0;
				PRODUCT_BUNDLE_IDENTIFIER = com.betty.wineFineThankyouUITests;
				PRODUCT_NAME = "$(TARGET_NAME)";
				SWIFT_EMIT_LOC_STRINGS = NO;
				SWIFT_VERSION = 5.0;
				TARGETED_DEVICE_FAMILY = "1,2";
				TEST_TARGET_NAME = wineFineThankyou;
			};
			name = Debug;
		};
		44FF1CED278471AA00FD8567 /* Release */ = {
			isa = XCBuildConfiguration;
			baseConfigurationReference = 5E5640DF27C54B3B970977E0 /* Pods-wineFineThankyou-wineFineThankyouUITests.release.xcconfig */;
			buildSettings = {
				ALWAYS_EMBED_SWIFT_STANDARD_LIBRARIES = YES;
				CODE_SIGN_STYLE = Automatic;
				CURRENT_PROJECT_VERSION = 1;
				DEVELOPMENT_TEAM = A5S3F32X7S;
				GENERATE_INFOPLIST_FILE = YES;
				LD_RUNPATH_SEARCH_PATHS = (
					"$(inherited)",
					"@executable_path/Frameworks",
					"@loader_path/Frameworks",
				);
				MARKETING_VERSION = 1.0;
				PRODUCT_BUNDLE_IDENTIFIER = com.betty.wineFineThankyouUITests;
				PRODUCT_NAME = "$(TARGET_NAME)";
				SWIFT_EMIT_LOC_STRINGS = NO;
				SWIFT_VERSION = 5.0;
				TARGETED_DEVICE_FAMILY = "1,2";
				TEST_TARGET_NAME = wineFineThankyou;
			};
			name = Release;
		};
/* End XCBuildConfiguration section */

/* Begin XCConfigurationList section */
		44FF1CB6278471A700FD8567 /* Build configuration list for PBXProject "wineFineThankyou" */ = {
			isa = XCConfigurationList;
			buildConfigurations = (
				44FF1CE3278471AA00FD8567 /* Debug */,
				44FF1CE4278471AA00FD8567 /* Release */,
			);
			defaultConfigurationIsVisible = 0;
			defaultConfigurationName = Release;
		};
		44FF1CE5278471AA00FD8567 /* Build configuration list for PBXNativeTarget "wineFineThankyou" */ = {
			isa = XCConfigurationList;
			buildConfigurations = (
				44FF1CE6278471AA00FD8567 /* Debug */,
				44FF1CE7278471AA00FD8567 /* Release */,
			);
			defaultConfigurationIsVisible = 0;
			defaultConfigurationName = Release;
		};
		44FF1CE8278471AA00FD8567 /* Build configuration list for PBXNativeTarget "wineFineThankyouTests" */ = {
			isa = XCConfigurationList;
			buildConfigurations = (
				44FF1CE9278471AA00FD8567 /* Debug */,
				44FF1CEA278471AA00FD8567 /* Release */,
			);
			defaultConfigurationIsVisible = 0;
			defaultConfigurationName = Release;
		};
		44FF1CEB278471AA00FD8567 /* Build configuration list for PBXNativeTarget "wineFineThankyouUITests" */ = {
			isa = XCConfigurationList;
			buildConfigurations = (
				44FF1CEC278471AA00FD8567 /* Debug */,
				44FF1CED278471AA00FD8567 /* Release */,
			);
			defaultConfigurationIsVisible = 0;
			defaultConfigurationName = Release;
		};
/* End XCConfigurationList section */

/* Begin XCRemoteSwiftPackageReference section */
		44FF1CF82786C03000FD8567 /* XCRemoteSwiftPackageReference "firebase-ios-sdk" */ = {
			isa = XCRemoteSwiftPackageReference;
			repositoryURL = "https://github.com/firebase/firebase-ios-sdk";
			requirement = {
				kind = upToNextMajorVersion;
				minimumVersion = 8.0.0;
			};
		};
/* End XCRemoteSwiftPackageReference section */

/* Begin XCSwiftPackageProductDependency section */
		44FF1CF92786C03000FD8567 /* FirebaseAuth */ = {
			isa = XCSwiftPackageProductDependency;
			package = 44FF1CF82786C03000FD8567 /* XCRemoteSwiftPackageReference "firebase-ios-sdk" */;
			productName = FirebaseAuth;
		};
/* End XCSwiftPackageProductDependency section */
	};
	rootObject = 44FF1CB3278471A700FD8567 /* Project object */;
}
