// !$*UTF8*$!
{
	archiveVersion = 1;
	classes = {
	};
	objectVersion = 55;
	objects = {

/* Begin PBXBuildFile section */
		034E1ECD63B5B52DB69F12BE /* Pods_wineFindThankyou.framework in Frameworks */ = {isa = PBXBuildFile; fileRef = 96E1DFBEAB70A87111580CBA /* Pods_wineFindThankyou.framework */; };
		441951A9279B123D00D0D381 /* OnboardingSlide.swift in Sources */ = {isa = PBXBuildFile; fileRef = 441951A8279B123D00D0D381 /* OnboardingSlide.swift */; };
		44234AF62796878C00848E44 /* MainQAViewController.swift in Sources */ = {isa = PBXBuildFile; fileRef = 44234AF52796878C00848E44 /* MainQAViewController.swift */; };
		4444248B279D374C00903DC7 /* MainViewController.swift in Sources */ = {isa = PBXBuildFile; fileRef = 4444248A279D374C00903DC7 /* MainViewController.swift */; };
		44442491279D4C9000903DC7 /* FinalQAViewController.swift in Sources */ = {isa = PBXBuildFile; fileRef = 44442490279D4C9000903DC7 /* FinalQAViewController.swift */; };
		4446AEBC27B2CABD006BA5DF /* AlertViewController.swift in Sources */ = {isa = PBXBuildFile; fileRef = 4446AEBB27B2CABD006BA5DF /* AlertViewController.swift */; };
		44779C6527BA4A940049BE50 /* QABottomSheet.swift in Sources */ = {isa = PBXBuildFile; fileRef = 44779C6427BA4A940049BE50 /* QABottomSheet.swift */; };
		44A8A98727B921F8004C8E6C /* LoginModel.swift in Sources */ = {isa = PBXBuildFile; fileRef = 44A8A98627B921F8004C8E6C /* LoginModel.swift */; };
		44AE4C5E2795AF5A00923F24 /* PageViewController.swift in Sources */ = {isa = PBXBuildFile; fileRef = 44AE4C5D2795AF5A00923F24 /* PageViewController.swift */; };
		44AE4C602795AF6C00923F24 /* FirstQAViewController.swift in Sources */ = {isa = PBXBuildFile; fileRef = 44AE4C5F2795AF6C00923F24 /* FirstQAViewController.swift */; };
		44AE4C622795AF7B00923F24 /* SecondQAViewController.swift in Sources */ = {isa = PBXBuildFile; fileRef = 44AE4C612795AF7B00923F24 /* SecondQAViewController.swift */; };
		44AE4C642795AF9000923F24 /* ThirdQAViewController.swift in Sources */ = {isa = PBXBuildFile; fileRef = 44AE4C632795AF9000923F24 /* ThirdQAViewController.swift */; };
		44FF1CBF278471A700FD8567 /* AppDelegate.swift in Sources */ = {isa = PBXBuildFile; fileRef = 44FF1CBE278471A700FD8567 /* AppDelegate.swift */; };
		44FF1CC1278471A700FD8567 /* SceneDelegate.swift in Sources */ = {isa = PBXBuildFile; fileRef = 44FF1CC0278471A700FD8567 /* SceneDelegate.swift */; };
		44FF1CC6278471A700FD8567 /* Main.storyboard in Resources */ = {isa = PBXBuildFile; fileRef = 44FF1CC4278471A700FD8567 /* Main.storyboard */; };
		44FF1CC8278471A900FD8567 /* Assets.xcassets in Resources */ = {isa = PBXBuildFile; fileRef = 44FF1CC7278471A900FD8567 /* Assets.xcassets */; };
		44FF1CCB278471A900FD8567 /* LaunchScreen.storyboard in Resources */ = {isa = PBXBuildFile; fileRef = 44FF1CC9278471A900FD8567 /* LaunchScreen.storyboard */; };
		44FF1CD6278471AA00FD8567 /* wineFineThankyouTests.swift in Sources */ = {isa = PBXBuildFile; fileRef = 44FF1CD5278471AA00FD8567 /* wineFineThankyouTests.swift */; };
		44FF1CE0278471AA00FD8567 /* wineFineThankyouUITests.swift in Sources */ = {isa = PBXBuildFile; fileRef = 44FF1CDF278471AA00FD8567 /* wineFineThankyouUITests.swift */; };
		44FF1CE2278471AA00FD8567 /* wineFineThankyouUITestsLaunchTests.swift in Sources */ = {isa = PBXBuildFile; fileRef = 44FF1CE1278471AA00FD8567 /* wineFineThankyouUITestsLaunchTests.swift */; };
		44FF1CEF27869EA700FD8567 /* LoginViewController.swift in Sources */ = {isa = PBXBuildFile; fileRef = 44FF1CEE27869EA700FD8567 /* LoginViewController.swift */; };
		44FF1CF42786A6D000FD8567 /* exam.jpeg in Resources */ = {isa = PBXBuildFile; fileRef = 44FF1CF32786A6D000FD8567 /* exam.jpeg */; };
		44FF1CF72786BCFF00FD8567 /* GoogleService-Info.plist in Resources */ = {isa = PBXBuildFile; fileRef = 44FF1CF62786BCFF00FD8567 /* GoogleService-Info.plist */; };
		44FF1CFA2786C03000FD8567 /* FirebaseAuth in Frameworks */ = {isa = PBXBuildFile; productRef = 44FF1CF92786C03000FD8567 /* FirebaseAuth */; };
		44FF46FD27A55F420063924D /* SearchViewController.swift in Sources */ = {isa = PBXBuildFile; fileRef = 44FF46FC27A55F420063924D /* SearchViewController.swift */; };
		44FF470027A5623A0063924D /* RequestNetworking.swift in Sources */ = {isa = PBXBuildFile; fileRef = 44FF46FF27A5623A0063924D /* RequestNetworking.swift */; };
		44FF470327A563310063924D /* Shops.swift in Sources */ = {isa = PBXBuildFile; fileRef = 44FF470227A563310063924D /* Shops.swift */; };
		8064FA20F8FD27B38F44D662 /* Pods_wineFindThankyou_wineFindThankyouUITests.framework in Frameworks */ = {isa = PBXBuildFile; fileRef = 9ED936E67900DF064C29FF93 /* Pods_wineFindThankyou_wineFindThankyouUITests.framework */; };
		BA1E472327AF9D23005C3319 /* MyPage.storyboard in Resources */ = {isa = PBXBuildFile; fileRef = BA1E472227AF9D23005C3319 /* MyPage.storyboard */; };
		BA1E472527AF9F03005C3319 /* SettingsViewController.swift in Sources */ = {isa = PBXBuildFile; fileRef = BA1E472427AF9F03005C3319 /* SettingsViewController.swift */; };
		BA1E472927AFEC20005C3319 /* SettingCell.swift in Sources */ = {isa = PBXBuildFile; fileRef = BA1E472827AFEC20005C3319 /* SettingCell.swift */; };
		BA1E472B27AFEC2D005C3319 /* SettingCell.xib in Resources */ = {isa = PBXBuildFile; fileRef = BA1E472A27AFEC2D005C3319 /* SettingCell.xib */; };
		BA1EE24D27A4177D00FDE9BD /* WineInfoView.xib in Resources */ = {isa = PBXBuildFile; fileRef = BA1EE24C27A4177D00FDE9BD /* WineInfoView.xib */; };
		BA1EE24F27A4178700FDE9BD /* WineInfoView.swift in Sources */ = {isa = PBXBuildFile; fileRef = BA1EE24E27A4178700FDE9BD /* WineInfoView.swift */; };
		BA47878C27B7880400AAB5EA /* ExtFunc.swift in Sources */ = {isa = PBXBuildFile; fileRef = BA47878B27B7880400AAB5EA /* ExtFunc.swift */; };
		BA47878E27B78E3600AAB5EA /* CameraCaptureViewController.swift in Sources */ = {isa = PBXBuildFile; fileRef = BA47878D27B78E3600AAB5EA /* CameraCaptureViewController.swift */; };
		BA47879027B7B15700AAB5EA /* Store.storyboard in Resources */ = {isa = PBXBuildFile; fileRef = BA47878F27B7B15700AAB5EA /* Store.storyboard */; };
		BA5B79EB27BD1F68002C0155 /* WineImageCell.xib in Resources */ = {isa = PBXBuildFile; fileRef = BA5B79EA27BD1F68002C0155 /* WineImageCell.xib */; };
		BA5B79ED27BD1F73002C0155 /* WineImageCell.swift in Sources */ = {isa = PBXBuildFile; fileRef = BA5B79EC27BD1F73002C0155 /* WineImageCell.swift */; };
		BA77CFE0279EF80800832389 /* StoreInfoViewController.swift in Sources */ = {isa = PBXBuildFile; fileRef = BA77CFDF279EF80800832389 /* StoreInfoViewController.swift */; };
		BA77CFE5279EF94A00832389 /* ExtUIView.swift in Sources */ = {isa = PBXBuildFile; fileRef = BA77CFE4279EF94A00832389 /* ExtUIView.swift */; };
		BA77CFE7279EFA5600832389 /* ExtUIColor.swift in Sources */ = {isa = PBXBuildFile; fileRef = BA77CFE6279EFA5600832389 /* ExtUIColor.swift */; };
		BA77CFEF27A16FBF00832389 /* StoreInfoCell.swift in Sources */ = {isa = PBXBuildFile; fileRef = BA77CFEE27A16FBF00832389 /* StoreInfoCell.swift */; };
		BA86ADF127B7E02700580511 /* WineLabelReader.swift in Sources */ = {isa = PBXBuildFile; fileRef = BA86ADF027B7E02700580511 /* WineLabelReader.swift */; };
		BA8BB7B227A4256F0010F05A /* WineInfoCollectionViewCell.swift in Sources */ = {isa = PBXBuildFile; fileRef = BA8BB7AE27A4256F0010F05A /* WineInfoCollectionViewCell.swift */; };
		BA8BB7B327A4256F0010F05A /* WineInfoCollectionViewCell.xib in Resources */ = {isa = PBXBuildFile; fileRef = BA8BB7AF27A4256F0010F05A /* WineInfoCollectionViewCell.xib */; };
		BA8BB7B427A4256F0010F05A /* AllOfWineInfoTableViewCell.xib in Resources */ = {isa = PBXBuildFile; fileRef = BA8BB7B027A4256F0010F05A /* AllOfWineInfoTableViewCell.xib */; };
		BA8BB7B527A4256F0010F05A /* AllOfWineInfoTableViewCell.swift in Sources */ = {isa = PBXBuildFile; fileRef = BA8BB7B127A4256F0010F05A /* AllOfWineInfoTableViewCell.swift */; };
		BA8BB7BC27A44E430010F05A /* StoreInfoSummaryViewController.swift in Sources */ = {isa = PBXBuildFile; fileRef = BA8BB7BB27A44E430010F05A /* StoreInfoSummaryViewController.swift */; };
		BA8BB7BE27A45CDC0010F05A /* DataModel.swift in Sources */ = {isa = PBXBuildFile; fileRef = BA8BB7BD27A45CDC0010F05A /* DataModel.swift */; };
		BA8BB7C027A46FB70010F05A /* StoreWinesViewController.swift in Sources */ = {isa = PBXBuildFile; fileRef = BA8BB7BF27A46FB70010F05A /* StoreWinesViewController.swift */; };
		BA8BB7C327A4E2830010F05A /* LaunchViewController.swift in Sources */ = {isa = PBXBuildFile; fileRef = BA8BB7C227A4E2830010F05A /* LaunchViewController.swift */; };
		BA8BB7C727A50FAD0010F05A /* QAViewController.swift in Sources */ = {isa = PBXBuildFile; fileRef = BA8BB7C627A50FAD0010F05A /* QAViewController.swift */; };
		BA8BB7C927A5280B0010F05A /* LoginController.swift in Sources */ = {isa = PBXBuildFile; fileRef = BA8BB7C827A5280B0010F05A /* LoginController.swift */; };
		BA8BB7CB27A529D40010F05A /* Login.swift in Sources */ = {isa = PBXBuildFile; fileRef = BA8BB7CA27A529D40010F05A /* Login.swift */; };
		BAA4031627BA944A00C50221 /* WineListTitle.xib in Resources */ = {isa = PBXBuildFile; fileRef = BAA4031527BA944A00C50221 /* WineListTitle.xib */; };
		BAA4031827BA945700C50221 /* WineListTitle.swift in Sources */ = {isa = PBXBuildFile; fileRef = BAA4031727BA945700C50221 /* WineListTitle.swift */; };
		BAB4079327A7900000B6E352 /* SwiftSMTP in Frameworks */ = {isa = PBXBuildFile; productRef = BAB4079227A7900000B6E352 /* SwiftSMTP */; };
		BAB4079627A7B20A00B6E352 /* MyPageViewController.swift in Sources */ = {isa = PBXBuildFile; fileRef = BAB4079527A7B20A00B6E352 /* MyPageViewController.swift */; };
		BAB4079927A7B4C500B6E352 /* ConnectUsViewController.swift in Sources */ = {isa = PBXBuildFile; fileRef = BAB4079827A7B4C500B6E352 /* ConnectUsViewController.swift */; };
		C56A494D27AD220A0080CBE2 /* StartViewController.swift in Sources */ = {isa = PBXBuildFile; fileRef = C56A494C27AD220A0080CBE2 /* StartViewController.swift */; };
		F061C25250EC6253579F361C /* Pods_wineFindThankyouTests.framework in Frameworks */ = {isa = PBXBuildFile; fileRef = 760CA1837F57B11CBE28AEF4 /* Pods_wineFindThankyouTests.framework */; };
/* End PBXBuildFile section */

/* Begin PBXContainerItemProxy section */
		44FF1CD2278471AA00FD8567 /* PBXContainerItemProxy */ = {
			isa = PBXContainerItemProxy;
			containerPortal = 44FF1CB3278471A700FD8567 /* Project object */;
			proxyType = 1;
			remoteGlobalIDString = 44FF1CBA278471A700FD8567;
			remoteInfo = wineFineThankyou;
		};
		44FF1CDC278471AA00FD8567 /* PBXContainerItemProxy */ = {
			isa = PBXContainerItemProxy;
			containerPortal = 44FF1CB3278471A700FD8567 /* Project object */;
			proxyType = 1;
			remoteGlobalIDString = 44FF1CBA278471A700FD8567;
			remoteInfo = wineFineThankyou;
		};
/* End PBXContainerItemProxy section */

/* Begin PBXFileReference section */
		2D4AF83D65B5240E2B3C20EC /* Pods-wineFindThankyouTests.debug.xcconfig */ = {isa = PBXFileReference; includeInIndex = 1; lastKnownFileType = text.xcconfig; name = "Pods-wineFindThankyouTests.debug.xcconfig"; path = "Target Support Files/Pods-wineFindThankyouTests/Pods-wineFindThankyouTests.debug.xcconfig"; sourceTree = "<group>"; };
		2EBE164234DD95C32A20322C /* Pods-wineFindThankyou-wineFindThankyouUITests.debug.xcconfig */ = {isa = PBXFileReference; includeInIndex = 1; lastKnownFileType = text.xcconfig; name = "Pods-wineFindThankyou-wineFindThankyouUITests.debug.xcconfig"; path = "Target Support Files/Pods-wineFindThankyou-wineFindThankyouUITests/Pods-wineFindThankyou-wineFindThankyouUITests.debug.xcconfig"; sourceTree = "<group>"; };
		441951A8279B123D00D0D381 /* OnboardingSlide.swift */ = {isa = PBXFileReference; lastKnownFileType = sourcecode.swift; path = OnboardingSlide.swift; sourceTree = "<group>"; };
		44234AF52796878C00848E44 /* MainQAViewController.swift */ = {isa = PBXFileReference; lastKnownFileType = sourcecode.swift; path = MainQAViewController.swift; sourceTree = "<group>"; };
		4444248A279D374C00903DC7 /* MainViewController.swift */ = {isa = PBXFileReference; lastKnownFileType = sourcecode.swift; path = MainViewController.swift; sourceTree = "<group>"; };
		44442490279D4C9000903DC7 /* FinalQAViewController.swift */ = {isa = PBXFileReference; lastKnownFileType = sourcecode.swift; path = FinalQAViewController.swift; sourceTree = "<group>"; };
		4446AEBB27B2CABD006BA5DF /* AlertViewController.swift */ = {isa = PBXFileReference; lastKnownFileType = sourcecode.swift; path = AlertViewController.swift; sourceTree = "<group>"; };
		44779C6427BA4A940049BE50 /* QABottomSheet.swift */ = {isa = PBXFileReference; lastKnownFileType = sourcecode.swift; path = QABottomSheet.swift; sourceTree = "<group>"; };
		44A8A98627B921F8004C8E6C /* LoginModel.swift */ = {isa = PBXFileReference; lastKnownFileType = sourcecode.swift; path = LoginModel.swift; sourceTree = "<group>"; };
		44AE4C5D2795AF5A00923F24 /* PageViewController.swift */ = {isa = PBXFileReference; lastKnownFileType = sourcecode.swift; path = PageViewController.swift; sourceTree = "<group>"; };
		44AE4C5F2795AF6C00923F24 /* FirstQAViewController.swift */ = {isa = PBXFileReference; lastKnownFileType = sourcecode.swift; path = FirstQAViewController.swift; sourceTree = "<group>"; };
		44AE4C612795AF7B00923F24 /* SecondQAViewController.swift */ = {isa = PBXFileReference; lastKnownFileType = sourcecode.swift; path = SecondQAViewController.swift; sourceTree = "<group>"; };
		44AE4C632795AF9000923F24 /* ThirdQAViewController.swift */ = {isa = PBXFileReference; lastKnownFileType = sourcecode.swift; path = ThirdQAViewController.swift; sourceTree = "<group>"; };
		44FF1CBB278471A700FD8567 /* wineFindThankyou.app */ = {isa = PBXFileReference; explicitFileType = wrapper.application; includeInIndex = 0; path = wineFindThankyou.app; sourceTree = BUILT_PRODUCTS_DIR; };
		44FF1CBE278471A700FD8567 /* AppDelegate.swift */ = {isa = PBXFileReference; lastKnownFileType = sourcecode.swift; path = AppDelegate.swift; sourceTree = "<group>"; };
		44FF1CC0278471A700FD8567 /* SceneDelegate.swift */ = {isa = PBXFileReference; lastKnownFileType = sourcecode.swift; path = SceneDelegate.swift; sourceTree = "<group>"; };
		44FF1CC5278471A700FD8567 /* Base */ = {isa = PBXFileReference; lastKnownFileType = file.storyboard; name = Base; path = Base.lproj/Main.storyboard; sourceTree = "<group>"; };
		44FF1CC7278471A900FD8567 /* Assets.xcassets */ = {isa = PBXFileReference; lastKnownFileType = folder.assetcatalog; path = Assets.xcassets; sourceTree = "<group>"; };
		44FF1CCA278471A900FD8567 /* Base */ = {isa = PBXFileReference; lastKnownFileType = file.storyboard; name = Base; path = Base.lproj/LaunchScreen.storyboard; sourceTree = "<group>"; };
		44FF1CCC278471A900FD8567 /* Info.plist */ = {isa = PBXFileReference; lastKnownFileType = text.plist.xml; path = Info.plist; sourceTree = "<group>"; };
		44FF1CD1278471AA00FD8567 /* wineFindThankyouTests.xctest */ = {isa = PBXFileReference; explicitFileType = wrapper.cfbundle; includeInIndex = 0; path = wineFindThankyouTests.xctest; sourceTree = BUILT_PRODUCTS_DIR; };
		44FF1CD5278471AA00FD8567 /* wineFineThankyouTests.swift */ = {isa = PBXFileReference; lastKnownFileType = sourcecode.swift; path = wineFineThankyouTests.swift; sourceTree = "<group>"; };
		44FF1CDB278471AA00FD8567 /* wineFindThankyouUITests.xctest */ = {isa = PBXFileReference; explicitFileType = wrapper.cfbundle; includeInIndex = 0; path = wineFindThankyouUITests.xctest; sourceTree = BUILT_PRODUCTS_DIR; };
		44FF1CDF278471AA00FD8567 /* wineFineThankyouUITests.swift */ = {isa = PBXFileReference; lastKnownFileType = sourcecode.swift; path = wineFineThankyouUITests.swift; sourceTree = "<group>"; };
		44FF1CE1278471AA00FD8567 /* wineFineThankyouUITestsLaunchTests.swift */ = {isa = PBXFileReference; lastKnownFileType = sourcecode.swift; path = wineFineThankyouUITestsLaunchTests.swift; sourceTree = "<group>"; };
		44FF1CEE27869EA700FD8567 /* LoginViewController.swift */ = {isa = PBXFileReference; lastKnownFileType = sourcecode.swift; path = LoginViewController.swift; sourceTree = "<group>"; };
		44FF1CF32786A6D000FD8567 /* exam.jpeg */ = {isa = PBXFileReference; lastKnownFileType = image.jpeg; path = exam.jpeg; sourceTree = "<group>"; };
		44FF1CF62786BCFF00FD8567 /* GoogleService-Info.plist */ = {isa = PBXFileReference; fileEncoding = 4; lastKnownFileType = text.plist.xml; path = "GoogleService-Info.plist"; sourceTree = "<group>"; };
		44FF46FC27A55F420063924D /* SearchViewController.swift */ = {isa = PBXFileReference; lastKnownFileType = sourcecode.swift; path = SearchViewController.swift; sourceTree = "<group>"; };
		44FF46FF27A5623A0063924D /* RequestNetworking.swift */ = {isa = PBXFileReference; lastKnownFileType = sourcecode.swift; path = RequestNetworking.swift; sourceTree = "<group>"; };
		44FF470227A563310063924D /* Shops.swift */ = {isa = PBXFileReference; lastKnownFileType = sourcecode.swift; path = Shops.swift; sourceTree = "<group>"; };
		529008B8556E80577A6FB6E5 /* Pods-wineFindThankyou.debug.xcconfig */ = {isa = PBXFileReference; includeInIndex = 1; lastKnownFileType = text.xcconfig; name = "Pods-wineFindThankyou.debug.xcconfig"; path = "Target Support Files/Pods-wineFindThankyou/Pods-wineFindThankyou.debug.xcconfig"; sourceTree = "<group>"; };
		760CA1837F57B11CBE28AEF4 /* Pods_wineFindThankyouTests.framework */ = {isa = PBXFileReference; explicitFileType = wrapper.framework; includeInIndex = 0; path = Pods_wineFindThankyouTests.framework; sourceTree = BUILT_PRODUCTS_DIR; };
		96E1DFBEAB70A87111580CBA /* Pods_wineFindThankyou.framework */ = {isa = PBXFileReference; explicitFileType = wrapper.framework; includeInIndex = 0; path = Pods_wineFindThankyou.framework; sourceTree = BUILT_PRODUCTS_DIR; };
		9ED936E67900DF064C29FF93 /* Pods_wineFindThankyou_wineFindThankyouUITests.framework */ = {isa = PBXFileReference; explicitFileType = wrapper.framework; includeInIndex = 0; path = Pods_wineFindThankyou_wineFindThankyouUITests.framework; sourceTree = BUILT_PRODUCTS_DIR; };
		BA1E472227AF9D23005C3319 /* MyPage.storyboard */ = {isa = PBXFileReference; lastKnownFileType = file.storyboard; path = MyPage.storyboard; sourceTree = "<group>"; };
		BA1E472427AF9F03005C3319 /* SettingsViewController.swift */ = {isa = PBXFileReference; lastKnownFileType = sourcecode.swift; path = SettingsViewController.swift; sourceTree = "<group>"; };
		BA1E472827AFEC20005C3319 /* SettingCell.swift */ = {isa = PBXFileReference; lastKnownFileType = sourcecode.swift; path = SettingCell.swift; sourceTree = "<group>"; };
		BA1E472A27AFEC2D005C3319 /* SettingCell.xib */ = {isa = PBXFileReference; lastKnownFileType = file.xib; path = SettingCell.xib; sourceTree = "<group>"; };
		BA1EE24C27A4177D00FDE9BD /* WineInfoView.xib */ = {isa = PBXFileReference; lastKnownFileType = file.xib; path = WineInfoView.xib; sourceTree = "<group>"; };
		BA1EE24E27A4178700FDE9BD /* WineInfoView.swift */ = {isa = PBXFileReference; lastKnownFileType = sourcecode.swift; path = WineInfoView.swift; sourceTree = "<group>"; };
		BA47878B27B7880400AAB5EA /* ExtFunc.swift */ = {isa = PBXFileReference; lastKnownFileType = sourcecode.swift; path = ExtFunc.swift; sourceTree = "<group>"; };
		BA47878D27B78E3600AAB5EA /* CameraCaptureViewController.swift */ = {isa = PBXFileReference; lastKnownFileType = sourcecode.swift; path = CameraCaptureViewController.swift; sourceTree = "<group>"; };
		BA47878F27B7B15700AAB5EA /* Store.storyboard */ = {isa = PBXFileReference; lastKnownFileType = file.storyboard; path = Store.storyboard; sourceTree = "<group>"; };
		BA5B79EA27BD1F68002C0155 /* WineImageCell.xib */ = {isa = PBXFileReference; lastKnownFileType = file.xib; path = WineImageCell.xib; sourceTree = "<group>"; };
		BA5B79EC27BD1F73002C0155 /* WineImageCell.swift */ = {isa = PBXFileReference; lastKnownFileType = sourcecode.swift; path = WineImageCell.swift; sourceTree = "<group>"; };
		BA77CFDF279EF80800832389 /* StoreInfoViewController.swift */ = {isa = PBXFileReference; lastKnownFileType = sourcecode.swift; path = StoreInfoViewController.swift; sourceTree = "<group>"; };
		BA77CFE4279EF94A00832389 /* ExtUIView.swift */ = {isa = PBXFileReference; lastKnownFileType = sourcecode.swift; path = ExtUIView.swift; sourceTree = "<group>"; };
		BA77CFE6279EFA5600832389 /* ExtUIColor.swift */ = {isa = PBXFileReference; lastKnownFileType = sourcecode.swift; path = ExtUIColor.swift; sourceTree = "<group>"; };
		BA77CFEE27A16FBF00832389 /* StoreInfoCell.swift */ = {isa = PBXFileReference; lastKnownFileType = sourcecode.swift; path = StoreInfoCell.swift; sourceTree = "<group>"; };
		BA86ADF027B7E02700580511 /* WineLabelReader.swift */ = {isa = PBXFileReference; lastKnownFileType = sourcecode.swift; path = WineLabelReader.swift; sourceTree = "<group>"; };
		BA8BB7AE27A4256F0010F05A /* WineInfoCollectionViewCell.swift */ = {isa = PBXFileReference; fileEncoding = 4; lastKnownFileType = sourcecode.swift; path = WineInfoCollectionViewCell.swift; sourceTree = "<group>"; };
		BA8BB7AF27A4256F0010F05A /* WineInfoCollectionViewCell.xib */ = {isa = PBXFileReference; fileEncoding = 4; lastKnownFileType = file.xib; path = WineInfoCollectionViewCell.xib; sourceTree = "<group>"; };
		BA8BB7B027A4256F0010F05A /* AllOfWineInfoTableViewCell.xib */ = {isa = PBXFileReference; fileEncoding = 4; lastKnownFileType = file.xib; path = AllOfWineInfoTableViewCell.xib; sourceTree = "<group>"; };
		BA8BB7B127A4256F0010F05A /* AllOfWineInfoTableViewCell.swift */ = {isa = PBXFileReference; fileEncoding = 4; lastKnownFileType = sourcecode.swift; path = AllOfWineInfoTableViewCell.swift; sourceTree = "<group>"; };
		BA8BB7BB27A44E430010F05A /* StoreInfoSummaryViewController.swift */ = {isa = PBXFileReference; lastKnownFileType = sourcecode.swift; path = StoreInfoSummaryViewController.swift; sourceTree = "<group>"; };
		BA8BB7BD27A45CDC0010F05A /* DataModel.swift */ = {isa = PBXFileReference; lastKnownFileType = sourcecode.swift; path = DataModel.swift; sourceTree = "<group>"; };
		BA8BB7BF27A46FB70010F05A /* StoreWinesViewController.swift */ = {isa = PBXFileReference; lastKnownFileType = sourcecode.swift; path = StoreWinesViewController.swift; sourceTree = "<group>"; };
		BA8BB7C227A4E2830010F05A /* LaunchViewController.swift */ = {isa = PBXFileReference; lastKnownFileType = sourcecode.swift; path = LaunchViewController.swift; sourceTree = "<group>"; };
		BA8BB7C627A50FAD0010F05A /* QAViewController.swift */ = {isa = PBXFileReference; lastKnownFileType = sourcecode.swift; path = QAViewController.swift; sourceTree = "<group>"; };
		BA8BB7C827A5280B0010F05A /* LoginController.swift */ = {isa = PBXFileReference; lastKnownFileType = sourcecode.swift; path = LoginController.swift; sourceTree = "<group>"; };
		BA8BB7CA27A529D40010F05A /* Login.swift */ = {isa = PBXFileReference; lastKnownFileType = sourcecode.swift; path = Login.swift; sourceTree = "<group>"; };
		BA8BB7CC27A52CAE0010F05A /* wineFindThankyou.entitlements */ = {isa = PBXFileReference; lastKnownFileType = text.plist.entitlements; path = wineFindThankyou.entitlements; sourceTree = "<group>"; };
		BAA4031527BA944A00C50221 /* WineListTitle.xib */ = {isa = PBXFileReference; lastKnownFileType = file.xib; path = WineListTitle.xib; sourceTree = "<group>"; };
		BAA4031727BA945700C50221 /* WineListTitle.swift */ = {isa = PBXFileReference; lastKnownFileType = sourcecode.swift; path = WineListTitle.swift; sourceTree = "<group>"; };
		BAB4079527A7B20A00B6E352 /* MyPageViewController.swift */ = {isa = PBXFileReference; lastKnownFileType = sourcecode.swift; path = MyPageViewController.swift; sourceTree = "<group>"; };
		BAB4079827A7B4C500B6E352 /* ConnectUsViewController.swift */ = {isa = PBXFileReference; lastKnownFileType = sourcecode.swift; path = ConnectUsViewController.swift; sourceTree = "<group>"; };
		C325ED762EA532FCB69DD23D /* Pods-wineFindThankyou-wineFindThankyouUITests.release.xcconfig */ = {isa = PBXFileReference; includeInIndex = 1; lastKnownFileType = text.xcconfig; name = "Pods-wineFindThankyou-wineFindThankyouUITests.release.xcconfig"; path = "Target Support Files/Pods-wineFindThankyou-wineFindThankyouUITests/Pods-wineFindThankyou-wineFindThankyouUITests.release.xcconfig"; sourceTree = "<group>"; };
		C56A494C27AD220A0080CBE2 /* StartViewController.swift */ = {isa = PBXFileReference; lastKnownFileType = sourcecode.swift; path = StartViewController.swift; sourceTree = "<group>"; };
		E7E72A055BC61D2298C09702 /* Pods-wineFindThankyou.release.xcconfig */ = {isa = PBXFileReference; includeInIndex = 1; lastKnownFileType = text.xcconfig; name = "Pods-wineFindThankyou.release.xcconfig"; path = "Target Support Files/Pods-wineFindThankyou/Pods-wineFindThankyou.release.xcconfig"; sourceTree = "<group>"; };
		FD52CB24DFA950761B6DFE42 /* Pods-wineFindThankyouTests.release.xcconfig */ = {isa = PBXFileReference; includeInIndex = 1; lastKnownFileType = text.xcconfig; name = "Pods-wineFindThankyouTests.release.xcconfig"; path = "Target Support Files/Pods-wineFindThankyouTests/Pods-wineFindThankyouTests.release.xcconfig"; sourceTree = "<group>"; };
/* End PBXFileReference section */

/* Begin PBXFrameworksBuildPhase section */
		44FF1CB8278471A700FD8567 /* Frameworks */ = {
			isa = PBXFrameworksBuildPhase;
			buildActionMask = 2147483647;
			files = (
				44FF1CFA2786C03000FD8567 /* FirebaseAuth in Frameworks */,
				BAB4079327A7900000B6E352 /* SwiftSMTP in Frameworks */,
				034E1ECD63B5B52DB69F12BE /* Pods_wineFindThankyou.framework in Frameworks */,
			);
			runOnlyForDeploymentPostprocessing = 0;
		};
		44FF1CCE278471AA00FD8567 /* Frameworks */ = {
			isa = PBXFrameworksBuildPhase;
			buildActionMask = 2147483647;
			files = (
				F061C25250EC6253579F361C /* Pods_wineFindThankyouTests.framework in Frameworks */,
			);
			runOnlyForDeploymentPostprocessing = 0;
		};
		44FF1CD8278471AA00FD8567 /* Frameworks */ = {
			isa = PBXFrameworksBuildPhase;
			buildActionMask = 2147483647;
			files = (
				8064FA20F8FD27B38F44D662 /* Pods_wineFindThankyou_wineFindThankyouUITests.framework in Frameworks */,
			);
			runOnlyForDeploymentPostprocessing = 0;
		};
/* End PBXFrameworksBuildPhase section */

/* Begin PBXGroup section */
		4401478427B2A1F400C8E85A /* Presentation */ = {
			isa = PBXGroup;
			children = (
				4446AEBB27B2CABD006BA5DF /* AlertViewController.swift */,
				44AE4C5C2795AEEA00923F24 /* Question */,
				44FF1CF027869ED000FD8567 /* Login */,
				44FF46FB27A55F1A0063924D /* Search */,
				44442489279D373C00903DC7 /* Main */,
				BA77CFDE279EF7EF00832389 /* Store */,
				BAB4079427A7B1F200B6E352 /* MyPage */,
			);
			path = Presentation;
			sourceTree = "<group>";
		};
		441951A7279B024900D0D381 /* Models */ = {
			isa = PBXGroup;
			children = (
				441951A8279B123D00D0D381 /* OnboardingSlide.swift */,
			);
			path = Models;
			sourceTree = "<group>";
		};
		44442489279D373C00903DC7 /* Main */ = {
			isa = PBXGroup;
			children = (
				BA8BB7C227A4E2830010F05A /* LaunchViewController.swift */,
				4444248A279D374C00903DC7 /* MainViewController.swift */,
			);
			path = Main;
			sourceTree = "<group>";
		};
		44AE4C5C2795AEEA00923F24 /* Question */ = {
			isa = PBXGroup;
			children = (
				44AE4C5D2795AF5A00923F24 /* PageViewController.swift */,
				44234AF52796878C00848E44 /* MainQAViewController.swift */,
				BA8BB7C627A50FAD0010F05A /* QAViewController.swift */,
				44AE4C5F2795AF6C00923F24 /* FirstQAViewController.swift */,
				44AE4C612795AF7B00923F24 /* SecondQAViewController.swift */,
				44AE4C632795AF9000923F24 /* ThirdQAViewController.swift */,
				44442490279D4C9000903DC7 /* FinalQAViewController.swift */,
				44779C6427BA4A940049BE50 /* QABottomSheet.swift */,
			);
			path = Question;
			sourceTree = "<group>";
		};
		44FF1CB2278471A700FD8567 = {
			isa = PBXGroup;
			children = (
				BA8BB7CC27A52CAE0010F05A /* wineFindThankyou.entitlements */,
				44FF1CBD278471A700FD8567 /* wineFineThankyou */,
				44FF1CD4278471AA00FD8567 /* wineFineThankyouTests */,
				44FF1CDE278471AA00FD8567 /* wineFineThankyouUITests */,
				44FF1CBC278471A700FD8567 /* Products */,
				D55090A1FA48D46D11A58126 /* Pods */,
				E6443943F9C329F62901E424 /* Frameworks */,
			);
			sourceTree = "<group>";
		};
		44FF1CBC278471A700FD8567 /* Products */ = {
			isa = PBXGroup;
			children = (
				44FF1CBB278471A700FD8567 /* wineFindThankyou.app */,
				44FF1CD1278471AA00FD8567 /* wineFindThankyouTests.xctest */,
				44FF1CDB278471AA00FD8567 /* wineFindThankyouUITests.xctest */,
			);
			name = Products;
			sourceTree = "<group>";
		};
		44FF1CBD278471A700FD8567 /* wineFineThankyou */ = {
			isa = PBXGroup;
			children = (
				4401478427B2A1F400C8E85A /* Presentation */,
				44FF1CF62786BCFF00FD8567 /* GoogleService-Info.plist */,
				44FF470427A5713A0063924D /* Views */,
				44FF470127A563230063924D /* Model */,
				44FF46FE27A5620B0063924D /* Network */,
				44FF46FA27A55C470063924D /* Application */,
				441951A7279B024900D0D381 /* Models */,
				BA8BB7C127A4E2550010F05A /* Launch */,
				BA77CFE3279EF91A00832389 /* Extensions */,
				BA8BB7BD27A45CDC0010F05A /* DataModel.swift */,
				44FF1CCC278471A900FD8567 /* Info.plist */,
				44FF1CF52786A6D300FD8567 /* etc */,
			);
			path = wineFineThankyou;
			sourceTree = "<group>";
		};
		44FF1CD4278471AA00FD8567 /* wineFineThankyouTests */ = {
			isa = PBXGroup;
			children = (
				44FF1CD5278471AA00FD8567 /* wineFineThankyouTests.swift */,
			);
			path = wineFineThankyouTests;
			sourceTree = "<group>";
		};
		44FF1CDE278471AA00FD8567 /* wineFineThankyouUITests */ = {
			isa = PBXGroup;
			children = (
				44FF1CDF278471AA00FD8567 /* wineFineThankyouUITests.swift */,
				44FF1CE1278471AA00FD8567 /* wineFineThankyouUITestsLaunchTests.swift */,
			);
			path = wineFineThankyouUITests;
			sourceTree = "<group>";
		};
		44FF1CF027869ED000FD8567 /* Login */ = {
			isa = PBXGroup;
			children = (
				44FF1CEE27869EA700FD8567 /* LoginViewController.swift */,
				BA8BB7C827A5280B0010F05A /* LoginController.swift */,
				BA8BB7CA27A529D40010F05A /* Login.swift */,
				C56A494C27AD220A0080CBE2 /* StartViewController.swift */,
				44A8A98627B921F8004C8E6C /* LoginModel.swift */,
			);
			path = Login;
			sourceTree = "<group>";
		};
		44FF1CF52786A6D300FD8567 /* etc */ = {
			isa = PBXGroup;
			children = (
				44FF1CF32786A6D000FD8567 /* exam.jpeg */,
			);
			path = etc;
			sourceTree = "<group>";
		};
		44FF46FA27A55C470063924D /* Application */ = {
			isa = PBXGroup;
			children = (
				44FF1CBE278471A700FD8567 /* AppDelegate.swift */,
				44FF1CC0278471A700FD8567 /* SceneDelegate.swift */,
			);
			path = Application;
			sourceTree = "<group>";
		};
		44FF46FB27A55F1A0063924D /* Search */ = {
			isa = PBXGroup;
			children = (
				44FF46FC27A55F420063924D /* SearchViewController.swift */,
			);
			path = Search;
			sourceTree = "<group>";
		};
		44FF46FE27A5620B0063924D /* Network */ = {
			isa = PBXGroup;
			children = (
				44FF46FF27A5623A0063924D /* RequestNetworking.swift */,
			);
			path = Network;
			sourceTree = "<group>";
		};
		44FF470127A563230063924D /* Model */ = {
			isa = PBXGroup;
			children = (
				44FF470227A563310063924D /* Shops.swift */,
			);
			path = Model;
			sourceTree = "<group>";
		};
		44FF470427A5713A0063924D /* Views */ = {
			isa = PBXGroup;
			children = (
				44FF1CC4278471A700FD8567 /* Main.storyboard */,
				44FF1CC7278471A900FD8567 /* Assets.xcassets */,
			);
			path = Views;
			sourceTree = "<group>";
		};
		BA1E472627AFA002005C3319 /* View */ = {
			isa = PBXGroup;
			children = (
				BA1E472727AFEC09005C3319 /* Cell */,
				BA1E472227AF9D23005C3319 /* MyPage.storyboard */,
			);
			path = View;
			sourceTree = "<group>";
		};
		BA1E472727AFEC09005C3319 /* Cell */ = {
			isa = PBXGroup;
			children = (
				BA1E472827AFEC20005C3319 /* SettingCell.swift */,
				BA1E472A27AFEC2D005C3319 /* SettingCell.xib */,
			);
			path = Cell;
			sourceTree = "<group>";
		};
		BA77CFDE279EF7EF00832389 /* Store */ = {
			isa = PBXGroup;
			children = (
				BA47878F27B7B15700AAB5EA /* Store.storyboard */,
				BA8BB7BB27A44E430010F05A /* StoreInfoSummaryViewController.swift */,
				BA77CFDF279EF80800832389 /* StoreInfoViewController.swift */,
				BA8BB7BF27A46FB70010F05A /* StoreWinesViewController.swift */,
				BA47878D27B78E3600AAB5EA /* CameraCaptureViewController.swift */,
				BA86ADF027B7E02700580511 /* WineLabelReader.swift */,
				BA8BB7B627A43BA20010F05A /* Cell */,
			);
			path = Store;
			sourceTree = "<group>";
		};
		BA77CFE3279EF91A00832389 /* Extensions */ = {
			isa = PBXGroup;
			children = (
				BA77CFE4279EF94A00832389 /* ExtUIView.swift */,
				BA77CFE6279EFA5600832389 /* ExtUIColor.swift */,
				BA47878B27B7880400AAB5EA /* ExtFunc.swift */,
			);
			path = Extensions;
			sourceTree = "<group>";
		};
		BA8BB7B627A43BA20010F05A /* Cell */ = {
			isa = PBXGroup;
			children = (
				BA77CFEE27A16FBF00832389 /* StoreInfoCell.swift */,
				BA8BB7B127A4256F0010F05A /* AllOfWineInfoTableViewCell.swift */,
				BA8BB7B027A4256F0010F05A /* AllOfWineInfoTableViewCell.xib */,
				BA8BB7AE27A4256F0010F05A /* WineInfoCollectionViewCell.swift */,
				BA8BB7AF27A4256F0010F05A /* WineInfoCollectionViewCell.xib */,
				BA5B79EA27BD1F68002C0155 /* WineImageCell.xib */,
				BA5B79EC27BD1F73002C0155 /* WineImageCell.swift */,
				BA1EE24C27A4177D00FDE9BD /* WineInfoView.xib */,
				BA1EE24E27A4178700FDE9BD /* WineInfoView.swift */,
				BAA4031527BA944A00C50221 /* WineListTitle.xib */,
				BAA4031727BA945700C50221 /* WineListTitle.swift */,
			);
			path = Cell;
			sourceTree = "<group>";
		};
		BA8BB7C127A4E2550010F05A /* Launch */ = {
			isa = PBXGroup;
			children = (
				44FF1CC9278471A900FD8567 /* LaunchScreen.storyboard */,
			);
			path = Launch;
			sourceTree = "<group>";
		};
		BAB4079427A7B1F200B6E352 /* MyPage */ = {
			isa = PBXGroup;
			children = (
				BA1E472627AFA002005C3319 /* View */,
				BAB4079527A7B20A00B6E352 /* MyPageViewController.swift */,
				BA1E472427AF9F03005C3319 /* SettingsViewController.swift */,
				BAB4079827A7B4C500B6E352 /* ConnectUsViewController.swift */,
			);
			path = MyPage;
			sourceTree = "<group>";
		};
		D55090A1FA48D46D11A58126 /* Pods */ = {
			isa = PBXGroup;
			children = (
				529008B8556E80577A6FB6E5 /* Pods-wineFindThankyou.debug.xcconfig */,
				E7E72A055BC61D2298C09702 /* Pods-wineFindThankyou.release.xcconfig */,
				2EBE164234DD95C32A20322C /* Pods-wineFindThankyou-wineFindThankyouUITests.debug.xcconfig */,
				C325ED762EA532FCB69DD23D /* Pods-wineFindThankyou-wineFindThankyouUITests.release.xcconfig */,
				2D4AF83D65B5240E2B3C20EC /* Pods-wineFindThankyouTests.debug.xcconfig */,
				FD52CB24DFA950761B6DFE42 /* Pods-wineFindThankyouTests.release.xcconfig */,
			);
			path = Pods;
			sourceTree = "<group>";
		};
		E6443943F9C329F62901E424 /* Frameworks */ = {
			isa = PBXGroup;
			children = (
				96E1DFBEAB70A87111580CBA /* Pods_wineFindThankyou.framework */,
				9ED936E67900DF064C29FF93 /* Pods_wineFindThankyou_wineFindThankyouUITests.framework */,
				760CA1837F57B11CBE28AEF4 /* Pods_wineFindThankyouTests.framework */,
			);
			name = Frameworks;
			sourceTree = "<group>";
		};
/* End PBXGroup section */

/* Begin PBXNativeTarget section */
		44FF1CBA278471A700FD8567 /* wineFindThankyou */ = {
			isa = PBXNativeTarget;
			buildConfigurationList = 44FF1CE5278471AA00FD8567 /* Build configuration list for PBXNativeTarget "wineFindThankyou" */;
			buildPhases = (
				A487740DB114F472648481B8 /* [CP] Check Pods Manifest.lock */,
				44FF1CB7278471A700FD8567 /* Sources */,
				44FF1CB8278471A700FD8567 /* Frameworks */,
				44FF1CB9278471A700FD8567 /* Resources */,
				13B2B9AB7F683FC42595503D /* [CP] Embed Pods Frameworks */,
				C6ED4B4013DCB73797E7E79E /* [CP] Copy Pods Resources */,
			);
			buildRules = (
			);
			dependencies = (
			);
			name = wineFindThankyou;
			packageProductDependencies = (
				44FF1CF92786C03000FD8567 /* FirebaseAuth */,
				BAB4079227A7900000B6E352 /* SwiftSMTP */,
			);
			productName = wineFineThankyou;
			productReference = 44FF1CBB278471A700FD8567 /* wineFindThankyou.app */;
			productType = "com.apple.product-type.application";
		};
		44FF1CD0278471AA00FD8567 /* wineFindThankyouTests */ = {
			isa = PBXNativeTarget;
			buildConfigurationList = 44FF1CE8278471AA00FD8567 /* Build configuration list for PBXNativeTarget "wineFindThankyouTests" */;
			buildPhases = (
				B73AED7C027597419EA3185F /* [CP] Check Pods Manifest.lock */,
				44FF1CCD278471AA00FD8567 /* Sources */,
				44FF1CCE278471AA00FD8567 /* Frameworks */,
				44FF1CCF278471AA00FD8567 /* Resources */,
			);
			buildRules = (
			);
			dependencies = (
				44FF1CD3278471AA00FD8567 /* PBXTargetDependency */,
			);
			name = wineFindThankyouTests;
			productName = wineFineThankyouTests;
			productReference = 44FF1CD1278471AA00FD8567 /* wineFindThankyouTests.xctest */;
			productType = "com.apple.product-type.bundle.unit-test";
		};
		44FF1CDA278471AA00FD8567 /* wineFindThankyouUITests */ = {
			isa = PBXNativeTarget;
			buildConfigurationList = 44FF1CEB278471AA00FD8567 /* Build configuration list for PBXNativeTarget "wineFindThankyouUITests" */;
			buildPhases = (
				A4A6A2A5D3AC23C2A5D570F5 /* [CP] Check Pods Manifest.lock */,
				44FF1CD7278471AA00FD8567 /* Sources */,
				44FF1CD8278471AA00FD8567 /* Frameworks */,
				44FF1CD9278471AA00FD8567 /* Resources */,
				A27D89E2B8F1D7A031C7EB01 /* [CP] Embed Pods Frameworks */,
				CB55CE55960FC49323D4023B /* [CP] Copy Pods Resources */,
			);
			buildRules = (
			);
			dependencies = (
				44FF1CDD278471AA00FD8567 /* PBXTargetDependency */,
			);
			name = wineFindThankyouUITests;
			productName = wineFineThankyouUITests;
			productReference = 44FF1CDB278471AA00FD8567 /* wineFindThankyouUITests.xctest */;
			productType = "com.apple.product-type.bundle.ui-testing";
		};
/* End PBXNativeTarget section */

/* Begin PBXProject section */
		44FF1CB3278471A700FD8567 /* Project object */ = {
			isa = PBXProject;
			attributes = {
				BuildIndependentTargetsInParallel = 1;
				LastSwiftUpdateCheck = 1300;
				LastUpgradeCheck = 1300;
				TargetAttributes = {
					44FF1CBA278471A700FD8567 = {
						CreatedOnToolsVersion = 13.0;
					};
					44FF1CD0278471AA00FD8567 = {
						CreatedOnToolsVersion = 13.0;
						TestTargetID = 44FF1CBA278471A700FD8567;
					};
					44FF1CDA278471AA00FD8567 = {
						CreatedOnToolsVersion = 13.0;
						TestTargetID = 44FF1CBA278471A700FD8567;
					};
				};
			};
			buildConfigurationList = 44FF1CB6278471A700FD8567 /* Build configuration list for PBXProject "wineFindThankyou" */;
			compatibilityVersion = "Xcode 13.0";
			developmentRegion = en;
			hasScannedForEncodings = 0;
			knownRegions = (
				en,
				Base,
			);
			mainGroup = 44FF1CB2278471A700FD8567;
			packageReferences = (
				44FF1CF82786C03000FD8567 /* XCRemoteSwiftPackageReference "firebase-ios-sdk" */,
				BAB4079127A7900000B6E352 /* XCRemoteSwiftPackageReference "Swift-SMTP" */,
			);
			productRefGroup = 44FF1CBC278471A700FD8567 /* Products */;
			projectDirPath = "";
			projectRoot = "";
			targets = (
				44FF1CBA278471A700FD8567 /* wineFindThankyou */,
				44FF1CD0278471AA00FD8567 /* wineFindThankyouTests */,
				44FF1CDA278471AA00FD8567 /* wineFindThankyouUITests */,
			);
		};
/* End PBXProject section */

/* Begin PBXResourcesBuildPhase section */
		44FF1CB9278471A700FD8567 /* Resources */ = {
			isa = PBXResourcesBuildPhase;
			buildActionMask = 2147483647;
			files = (
				44FF1CCB278471A900FD8567 /* LaunchScreen.storyboard in Resources */,
				BA1EE24D27A4177D00FDE9BD /* WineInfoView.xib in Resources */,
				44FF1CF42786A6D000FD8567 /* exam.jpeg in Resources */,
				BAA4031627BA944A00C50221 /* WineListTitle.xib in Resources */,
				BA5B79EB27BD1F68002C0155 /* WineImageCell.xib in Resources */,
				BA8BB7B427A4256F0010F05A /* AllOfWineInfoTableViewCell.xib in Resources */,
				BA1E472327AF9D23005C3319 /* MyPage.storyboard in Resources */,
				44FF1CF72786BCFF00FD8567 /* GoogleService-Info.plist in Resources */,
				BA1E472B27AFEC2D005C3319 /* SettingCell.xib in Resources */,
				BA8BB7B327A4256F0010F05A /* WineInfoCollectionViewCell.xib in Resources */,
				44FF1CC8278471A900FD8567 /* Assets.xcassets in Resources */,
				BA47879027B7B15700AAB5EA /* Store.storyboard in Resources */,
				44FF1CC6278471A700FD8567 /* Main.storyboard in Resources */,
			);
			runOnlyForDeploymentPostprocessing = 0;
		};
		44FF1CCF278471AA00FD8567 /* Resources */ = {
			isa = PBXResourcesBuildPhase;
			buildActionMask = 2147483647;
			files = (
			);
			runOnlyForDeploymentPostprocessing = 0;
		};
		44FF1CD9278471AA00FD8567 /* Resources */ = {
			isa = PBXResourcesBuildPhase;
			buildActionMask = 2147483647;
			files = (
			);
			runOnlyForDeploymentPostprocessing = 0;
		};
/* End PBXResourcesBuildPhase section */

/* Begin PBXShellScriptBuildPhase section */
		13B2B9AB7F683FC42595503D /* [CP] Embed Pods Frameworks */ = {
			isa = PBXShellScriptBuildPhase;
			buildActionMask = 2147483647;
			files = (
			);
			inputFileListPaths = (
				"${PODS_ROOT}/Target Support Files/Pods-wineFindThankyou/Pods-wineFindThankyou-frameworks-${CONFIGURATION}-input-files.xcfilelist",
			);
			name = "[CP] Embed Pods Frameworks";
			outputFileListPaths = (
				"${PODS_ROOT}/Target Support Files/Pods-wineFindThankyou/Pods-wineFindThankyou-frameworks-${CONFIGURATION}-output-files.xcfilelist",
			);
			runOnlyForDeploymentPostprocessing = 0;
			shellPath = /bin/sh;
			shellScript = "\"${PODS_ROOT}/Target Support Files/Pods-wineFindThankyou/Pods-wineFindThankyou-frameworks.sh\"\n";
			showEnvVarsInLog = 0;
		};
		A27D89E2B8F1D7A031C7EB01 /* [CP] Embed Pods Frameworks */ = {
			isa = PBXShellScriptBuildPhase;
			buildActionMask = 2147483647;
			files = (
			);
			inputFileListPaths = (
				"${PODS_ROOT}/Target Support Files/Pods-wineFindThankyou-wineFindThankyouUITests/Pods-wineFindThankyou-wineFindThankyouUITests-frameworks-${CONFIGURATION}-input-files.xcfilelist",
			);
			name = "[CP] Embed Pods Frameworks";
			outputFileListPaths = (
				"${PODS_ROOT}/Target Support Files/Pods-wineFindThankyou-wineFindThankyouUITests/Pods-wineFindThankyou-wineFindThankyouUITests-frameworks-${CONFIGURATION}-output-files.xcfilelist",
			);
			runOnlyForDeploymentPostprocessing = 0;
			shellPath = /bin/sh;
			shellScript = "\"${PODS_ROOT}/Target Support Files/Pods-wineFindThankyou-wineFindThankyouUITests/Pods-wineFindThankyou-wineFindThankyouUITests-frameworks.sh\"\n";
			showEnvVarsInLog = 0;
		};
		A487740DB114F472648481B8 /* [CP] Check Pods Manifest.lock */ = {
			isa = PBXShellScriptBuildPhase;
			buildActionMask = 2147483647;
			files = (
			);
			inputFileListPaths = (
			);
			inputPaths = (
				"${PODS_PODFILE_DIR_PATH}/Podfile.lock",
				"${PODS_ROOT}/Manifest.lock",
			);
			name = "[CP] Check Pods Manifest.lock";
			outputFileListPaths = (
			);
			outputPaths = (
				"$(DERIVED_FILE_DIR)/Pods-wineFindThankyou-checkManifestLockResult.txt",
			);
			runOnlyForDeploymentPostprocessing = 0;
			shellPath = /bin/sh;
			shellScript = "diff \"${PODS_PODFILE_DIR_PATH}/Podfile.lock\" \"${PODS_ROOT}/Manifest.lock\" > /dev/null\nif [ $? != 0 ] ; then\n    # print error to STDERR\n    echo \"error: The sandbox is not in sync with the Podfile.lock. Run 'pod install' or update your CocoaPods installation.\" >&2\n    exit 1\nfi\n# This output is used by Xcode 'outputs' to avoid re-running this script phase.\necho \"SUCCESS\" > \"${SCRIPT_OUTPUT_FILE_0}\"\n";
			showEnvVarsInLog = 0;
		};
		A4A6A2A5D3AC23C2A5D570F5 /* [CP] Check Pods Manifest.lock */ = {
			isa = PBXShellScriptBuildPhase;
			buildActionMask = 2147483647;
			files = (
			);
			inputFileListPaths = (
			);
			inputPaths = (
				"${PODS_PODFILE_DIR_PATH}/Podfile.lock",
				"${PODS_ROOT}/Manifest.lock",
			);
			name = "[CP] Check Pods Manifest.lock";
			outputFileListPaths = (
			);
			outputPaths = (
				"$(DERIVED_FILE_DIR)/Pods-wineFindThankyou-wineFindThankyouUITests-checkManifestLockResult.txt",
			);
			runOnlyForDeploymentPostprocessing = 0;
			shellPath = /bin/sh;
			shellScript = "diff \"${PODS_PODFILE_DIR_PATH}/Podfile.lock\" \"${PODS_ROOT}/Manifest.lock\" > /dev/null\nif [ $? != 0 ] ; then\n    # print error to STDERR\n    echo \"error: The sandbox is not in sync with the Podfile.lock. Run 'pod install' or update your CocoaPods installation.\" >&2\n    exit 1\nfi\n# This output is used by Xcode 'outputs' to avoid re-running this script phase.\necho \"SUCCESS\" > \"${SCRIPT_OUTPUT_FILE_0}\"\n";
			showEnvVarsInLog = 0;
		};
		B73AED7C027597419EA3185F /* [CP] Check Pods Manifest.lock */ = {
			isa = PBXShellScriptBuildPhase;
			buildActionMask = 2147483647;
			files = (
			);
			inputFileListPaths = (
			);
			inputPaths = (
				"${PODS_PODFILE_DIR_PATH}/Podfile.lock",
				"${PODS_ROOT}/Manifest.lock",
			);
			name = "[CP] Check Pods Manifest.lock";
			outputFileListPaths = (
			);
			outputPaths = (
				"$(DERIVED_FILE_DIR)/Pods-wineFindThankyouTests-checkManifestLockResult.txt",
			);
			runOnlyForDeploymentPostprocessing = 0;
			shellPath = /bin/sh;
			shellScript = "diff \"${PODS_PODFILE_DIR_PATH}/Podfile.lock\" \"${PODS_ROOT}/Manifest.lock\" > /dev/null\nif [ $? != 0 ] ; then\n    # print error to STDERR\n    echo \"error: The sandbox is not in sync with the Podfile.lock. Run 'pod install' or update your CocoaPods installation.\" >&2\n    exit 1\nfi\n# This output is used by Xcode 'outputs' to avoid re-running this script phase.\necho \"SUCCESS\" > \"${SCRIPT_OUTPUT_FILE_0}\"\n";
			showEnvVarsInLog = 0;
		};
		C6ED4B4013DCB73797E7E79E /* [CP] Copy Pods Resources */ = {
			isa = PBXShellScriptBuildPhase;
			buildActionMask = 2147483647;
			files = (
			);
			inputFileListPaths = (
				"${PODS_ROOT}/Target Support Files/Pods-wineFindThankyou/Pods-wineFindThankyou-resources-${CONFIGURATION}-input-files.xcfilelist",
			);
			name = "[CP] Copy Pods Resources";
			outputFileListPaths = (
				"${PODS_ROOT}/Target Support Files/Pods-wineFindThankyou/Pods-wineFindThankyou-resources-${CONFIGURATION}-output-files.xcfilelist",
			);
			runOnlyForDeploymentPostprocessing = 0;
			shellPath = /bin/sh;
			shellScript = "\"${PODS_ROOT}/Target Support Files/Pods-wineFindThankyou/Pods-wineFindThankyou-resources.sh\"\n";
			showEnvVarsInLog = 0;
		};
		CB55CE55960FC49323D4023B /* [CP] Copy Pods Resources */ = {
			isa = PBXShellScriptBuildPhase;
			buildActionMask = 2147483647;
			files = (
			);
			inputFileListPaths = (
				"${PODS_ROOT}/Target Support Files/Pods-wineFindThankyou-wineFindThankyouUITests/Pods-wineFindThankyou-wineFindThankyouUITests-resources-${CONFIGURATION}-input-files.xcfilelist",
			);
			name = "[CP] Copy Pods Resources";
			outputFileListPaths = (
				"${PODS_ROOT}/Target Support Files/Pods-wineFindThankyou-wineFindThankyouUITests/Pods-wineFindThankyou-wineFindThankyouUITests-resources-${CONFIGURATION}-output-files.xcfilelist",
			);
			runOnlyForDeploymentPostprocessing = 0;
			shellPath = /bin/sh;
			shellScript = "\"${PODS_ROOT}/Target Support Files/Pods-wineFindThankyou-wineFindThankyouUITests/Pods-wineFindThankyou-wineFindThankyouUITests-resources.sh\"\n";
			showEnvVarsInLog = 0;
		};
/* End PBXShellScriptBuildPhase section */

/* Begin PBXSourcesBuildPhase section */
		44FF1CB7278471A700FD8567 /* Sources */ = {
			isa = PBXSourcesBuildPhase;
			buildActionMask = 2147483647;
			files = (
				44FF46FD27A55F420063924D /* SearchViewController.swift in Sources */,
				BA47878C27B7880400AAB5EA /* ExtFunc.swift in Sources */,
				441951A9279B123D00D0D381 /* OnboardingSlide.swift in Sources */,
				44FF470027A5623A0063924D /* RequestNetworking.swift in Sources */,
				4444248B279D374C00903DC7 /* MainViewController.swift in Sources */,
				BA8BB7CB27A529D40010F05A /* Login.swift in Sources */,
				C56A494D27AD220A0080CBE2 /* StartViewController.swift in Sources */,
				BAA4031827BA945700C50221 /* WineListTitle.swift in Sources */,
				BA8BB7B227A4256F0010F05A /* WineInfoCollectionViewCell.swift in Sources */,
				BA8BB7C727A50FAD0010F05A /* QAViewController.swift in Sources */,
				BA86ADF127B7E02700580511 /* WineLabelReader.swift in Sources */,
				4446AEBC27B2CABD006BA5DF /* AlertViewController.swift in Sources */,
				BA8BB7C027A46FB70010F05A /* StoreWinesViewController.swift in Sources */,
				44234AF62796878C00848E44 /* MainQAViewController.swift in Sources */,
				BAB4079927A7B4C500B6E352 /* ConnectUsViewController.swift in Sources */,
				BA8BB7C327A4E2830010F05A /* LaunchViewController.swift in Sources */,
				BA8BB7BE27A45CDC0010F05A /* DataModel.swift in Sources */,
				44FF1CEF27869EA700FD8567 /* LoginViewController.swift in Sources */,
				44AE4C602795AF6C00923F24 /* FirstQAViewController.swift in Sources */,
				BA8BB7C927A5280B0010F05A /* LoginController.swift in Sources */,
				44A8A98727B921F8004C8E6C /* LoginModel.swift in Sources */,
				44779C6527BA4A940049BE50 /* QABottomSheet.swift in Sources */,
				44AE4C642795AF9000923F24 /* ThirdQAViewController.swift in Sources */,
				BA1E472927AFEC20005C3319 /* SettingCell.swift in Sources */,
				44AE4C5E2795AF5A00923F24 /* PageViewController.swift in Sources */,
				BA5B79ED27BD1F73002C0155 /* WineImageCell.swift in Sources */,
				BAB4079627A7B20A00B6E352 /* MyPageViewController.swift in Sources */,
				44FF470327A563310063924D /* Shops.swift in Sources */,
				BA77CFE7279EFA5600832389 /* ExtUIColor.swift in Sources */,
				BA47878E27B78E3600AAB5EA /* CameraCaptureViewController.swift in Sources */,
				BA8BB7B527A4256F0010F05A /* AllOfWineInfoTableViewCell.swift in Sources */,
				BA77CFEF27A16FBF00832389 /* StoreInfoCell.swift in Sources */,
				44AE4C622795AF7B00923F24 /* SecondQAViewController.swift in Sources */,
				BA77CFE0279EF80800832389 /* StoreInfoViewController.swift in Sources */,
				BA1EE24F27A4178700FDE9BD /* WineInfoView.swift in Sources */,
				44442491279D4C9000903DC7 /* FinalQAViewController.swift in Sources */,
				BA1E472527AF9F03005C3319 /* SettingsViewController.swift in Sources */,
				44FF1CBF278471A700FD8567 /* AppDelegate.swift in Sources */,
				44FF1CC1278471A700FD8567 /* SceneDelegate.swift in Sources */,
				BA8BB7BC27A44E430010F05A /* StoreInfoSummaryViewController.swift in Sources */,
				BA77CFE5279EF94A00832389 /* ExtUIView.swift in Sources */,
			);
			runOnlyForDeploymentPostprocessing = 0;
		};
		44FF1CCD278471AA00FD8567 /* Sources */ = {
			isa = PBXSourcesBuildPhase;
			buildActionMask = 2147483647;
			files = (
				44FF1CD6278471AA00FD8567 /* wineFineThankyouTests.swift in Sources */,
			);
			runOnlyForDeploymentPostprocessing = 0;
		};
		44FF1CD7278471AA00FD8567 /* Sources */ = {
			isa = PBXSourcesBuildPhase;
			buildActionMask = 2147483647;
			files = (
				44FF1CE2278471AA00FD8567 /* wineFineThankyouUITestsLaunchTests.swift in Sources */,
				44FF1CE0278471AA00FD8567 /* wineFineThankyouUITests.swift in Sources */,
			);
			runOnlyForDeploymentPostprocessing = 0;
		};
/* End PBXSourcesBuildPhase section */

/* Begin PBXTargetDependency section */
		44FF1CD3278471AA00FD8567 /* PBXTargetDependency */ = {
			isa = PBXTargetDependency;
			target = 44FF1CBA278471A700FD8567 /* wineFindThankyou */;
			targetProxy = 44FF1CD2278471AA00FD8567 /* PBXContainerItemProxy */;
		};
		44FF1CDD278471AA00FD8567 /* PBXTargetDependency */ = {
			isa = PBXTargetDependency;
			target = 44FF1CBA278471A700FD8567 /* wineFindThankyou */;
			targetProxy = 44FF1CDC278471AA00FD8567 /* PBXContainerItemProxy */;
		};
/* End PBXTargetDependency section */

/* Begin PBXVariantGroup section */
		44FF1CC4278471A700FD8567 /* Main.storyboard */ = {
			isa = PBXVariantGroup;
			children = (
				44FF1CC5278471A700FD8567 /* Base */,
			);
			name = Main.storyboard;
			sourceTree = "<group>";
		};
		44FF1CC9278471A900FD8567 /* LaunchScreen.storyboard */ = {
			isa = PBXVariantGroup;
			children = (
				44FF1CCA278471A900FD8567 /* Base */,
			);
			name = LaunchScreen.storyboard;
			sourceTree = "<group>";
		};
/* End PBXVariantGroup section */

/* Begin XCBuildConfiguration section */
		44FF1CE3278471AA00FD8567 /* Debug */ = {
			isa = XCBuildConfiguration;
			buildSettings = {
				ALWAYS_SEARCH_USER_PATHS = NO;
				CLANG_ANALYZER_NONNULL = YES;
				CLANG_ANALYZER_NUMBER_OBJECT_CONVERSION = YES_AGGRESSIVE;
				CLANG_CXX_LANGUAGE_STANDARD = "gnu++17";
				CLANG_CXX_LIBRARY = "libc++";
				CLANG_ENABLE_MODULES = YES;
				CLANG_ENABLE_OBJC_ARC = YES;
				CLANG_ENABLE_OBJC_WEAK = YES;
				CLANG_WARN_BLOCK_CAPTURE_AUTORELEASING = YES;
				CLANG_WARN_BOOL_CONVERSION = YES;
				CLANG_WARN_COMMA = YES;
				CLANG_WARN_CONSTANT_CONVERSION = YES;
				CLANG_WARN_DEPRECATED_OBJC_IMPLEMENTATIONS = YES;
				CLANG_WARN_DIRECT_OBJC_ISA_USAGE = YES_ERROR;
				CLANG_WARN_DOCUMENTATION_COMMENTS = YES;
				CLANG_WARN_EMPTY_BODY = YES;
				CLANG_WARN_ENUM_CONVERSION = YES;
				CLANG_WARN_INFINITE_RECURSION = YES;
				CLANG_WARN_INT_CONVERSION = YES;
				CLANG_WARN_NON_LITERAL_NULL_CONVERSION = YES;
				CLANG_WARN_OBJC_IMPLICIT_RETAIN_SELF = YES;
				CLANG_WARN_OBJC_LITERAL_CONVERSION = YES;
				CLANG_WARN_OBJC_ROOT_CLASS = YES_ERROR;
				CLANG_WARN_QUOTED_INCLUDE_IN_FRAMEWORK_HEADER = YES;
				CLANG_WARN_RANGE_LOOP_ANALYSIS = YES;
				CLANG_WARN_STRICT_PROTOTYPES = YES;
				CLANG_WARN_SUSPICIOUS_MOVE = YES;
				CLANG_WARN_UNGUARDED_AVAILABILITY = YES_AGGRESSIVE;
				CLANG_WARN_UNREACHABLE_CODE = YES;
				CLANG_WARN__DUPLICATE_METHOD_MATCH = YES;
				COPY_PHASE_STRIP = NO;
				DEBUG_INFORMATION_FORMAT = dwarf;
				ENABLE_STRICT_OBJC_MSGSEND = YES;
				ENABLE_TESTABILITY = YES;
				GCC_C_LANGUAGE_STANDARD = gnu11;
				GCC_DYNAMIC_NO_PIC = NO;
				GCC_NO_COMMON_BLOCKS = YES;
				GCC_OPTIMIZATION_LEVEL = 0;
				GCC_PREPROCESSOR_DEFINITIONS = (
					"DEBUG=1",
					"$(inherited)",
				);
				GCC_WARN_64_TO_32_BIT_CONVERSION = YES;
				GCC_WARN_ABOUT_RETURN_TYPE = YES_ERROR;
				GCC_WARN_UNDECLARED_SELECTOR = YES;
				GCC_WARN_UNINITIALIZED_AUTOS = YES_AGGRESSIVE;
				GCC_WARN_UNUSED_FUNCTION = YES;
				GCC_WARN_UNUSED_VARIABLE = YES;
				IPHONEOS_DEPLOYMENT_TARGET = 15.0;
				MTL_ENABLE_DEBUG_INFO = INCLUDE_SOURCE;
				MTL_FAST_MATH = YES;
				ONLY_ACTIVE_ARCH = YES;
				SDKROOT = iphoneos;
				SWIFT_ACTIVE_COMPILATION_CONDITIONS = DEBUG;
				SWIFT_OPTIMIZATION_LEVEL = "-Onone";
			};
			name = Debug;
		};
		44FF1CE4278471AA00FD8567 /* Release */ = {
			isa = XCBuildConfiguration;
			buildSettings = {
				ALWAYS_SEARCH_USER_PATHS = NO;
				CLANG_ANALYZER_NONNULL = YES;
				CLANG_ANALYZER_NUMBER_OBJECT_CONVERSION = YES_AGGRESSIVE;
				CLANG_CXX_LANGUAGE_STANDARD = "gnu++17";
				CLANG_CXX_LIBRARY = "libc++";
				CLANG_ENABLE_MODULES = YES;
				CLANG_ENABLE_OBJC_ARC = YES;
				CLANG_ENABLE_OBJC_WEAK = YES;
				CLANG_WARN_BLOCK_CAPTURE_AUTORELEASING = YES;
				CLANG_WARN_BOOL_CONVERSION = YES;
				CLANG_WARN_COMMA = YES;
				CLANG_WARN_CONSTANT_CONVERSION = YES;
				CLANG_WARN_DEPRECATED_OBJC_IMPLEMENTATIONS = YES;
				CLANG_WARN_DIRECT_OBJC_ISA_USAGE = YES_ERROR;
				CLANG_WARN_DOCUMENTATION_COMMENTS = YES;
				CLANG_WARN_EMPTY_BODY = YES;
				CLANG_WARN_ENUM_CONVERSION = YES;
				CLANG_WARN_INFINITE_RECURSION = YES;
				CLANG_WARN_INT_CONVERSION = YES;
				CLANG_WARN_NON_LITERAL_NULL_CONVERSION = YES;
				CLANG_WARN_OBJC_IMPLICIT_RETAIN_SELF = YES;
				CLANG_WARN_OBJC_LITERAL_CONVERSION = YES;
				CLANG_WARN_OBJC_ROOT_CLASS = YES_ERROR;
				CLANG_WARN_QUOTED_INCLUDE_IN_FRAMEWORK_HEADER = YES;
				CLANG_WARN_RANGE_LOOP_ANALYSIS = YES;
				CLANG_WARN_STRICT_PROTOTYPES = YES;
				CLANG_WARN_SUSPICIOUS_MOVE = YES;
				CLANG_WARN_UNGUARDED_AVAILABILITY = YES_AGGRESSIVE;
				CLANG_WARN_UNREACHABLE_CODE = YES;
				CLANG_WARN__DUPLICATE_METHOD_MATCH = YES;
				COPY_PHASE_STRIP = NO;
				DEBUG_INFORMATION_FORMAT = "dwarf-with-dsym";
				ENABLE_NS_ASSERTIONS = NO;
				ENABLE_STRICT_OBJC_MSGSEND = YES;
				GCC_C_LANGUAGE_STANDARD = gnu11;
				GCC_NO_COMMON_BLOCKS = YES;
				GCC_WARN_64_TO_32_BIT_CONVERSION = YES;
				GCC_WARN_ABOUT_RETURN_TYPE = YES_ERROR;
				GCC_WARN_UNDECLARED_SELECTOR = YES;
				GCC_WARN_UNINITIALIZED_AUTOS = YES_AGGRESSIVE;
				GCC_WARN_UNUSED_FUNCTION = YES;
				GCC_WARN_UNUSED_VARIABLE = YES;
				IPHONEOS_DEPLOYMENT_TARGET = 15.0;
				MTL_ENABLE_DEBUG_INFO = NO;
				MTL_FAST_MATH = YES;
				SDKROOT = iphoneos;
				SWIFT_COMPILATION_MODE = wholemodule;
				SWIFT_OPTIMIZATION_LEVEL = "-O";
				VALIDATE_PRODUCT = YES;
			};
			name = Release;
		};
		44FF1CE6278471AA00FD8567 /* Debug */ = {
			isa = XCBuildConfiguration;
			baseConfigurationReference = 529008B8556E80577A6FB6E5 /* Pods-wineFindThankyou.debug.xcconfig */;
			buildSettings = {
				ASSETCATALOG_COMPILER_APPICON_NAME = AppIcon;
				ASSETCATALOG_COMPILER_GLOBAL_ACCENT_COLOR_NAME = AccentColor;
				CODE_SIGN_ENTITLEMENTS = wineFindThankyou.entitlements;
				CODE_SIGN_STYLE = Automatic;
				CURRENT_PROJECT_VERSION = 1;
				DEVELOPMENT_TEAM = 385Y9B45N8;
				EXCLUDED_ARCHS = "";
				"EXCLUDED_ARCHS[sdk=iphonesimulator*]" = arm64;
				GENERATE_INFOPLIST_FILE = YES;
				INFOPLIST_FILE = wineFineThankyou/Info.plist;
				INFOPLIST_KEY_NSCameraUsageDescription = "Access Camera";
				INFOPLIST_KEY_UIApplicationSupportsIndirectInputEvents = YES;
				INFOPLIST_KEY_UILaunchStoryboardName = LaunchScreen;
				INFOPLIST_KEY_UIMainStoryboardFile = Main;
				INFOPLIST_KEY_UISupportedInterfaceOrientations = "";
				INFOPLIST_KEY_UISupportedInterfaceOrientations_iPad = "UIInterfaceOrientationPortrait UIInterfaceOrientationPortraitUpsideDown UIInterfaceOrientationLandscapeLeft UIInterfaceOrientationLandscapeRight";
				INFOPLIST_KEY_UISupportedInterfaceOrientations_iPhone = "UIInterfaceOrientationPortrait UIInterfaceOrientationLandscapeLeft UIInterfaceOrientationLandscapeRight";
				INFOPLIST_KEY_UIUserInterfaceStyle = Light;
				IPHONEOS_DEPLOYMENT_TARGET = 14.0;
				LD_RUNPATH_SEARCH_PATHS = (
					"$(inherited)",
					"@executable_path/Frameworks",
				);
				MARKETING_VERSION = 1.0;
				PRODUCT_BUNDLE_IDENTIFIER = "com.wft.winefindthanku--";
				PRODUCT_NAME = "$(TARGET_NAME)";
				SWIFT_EMIT_LOC_STRINGS = YES;
				SWIFT_VERSION = 5.0;
				TARGETED_DEVICE_FAMILY = 1;
			};
			name = Debug;
		};
		44FF1CE7278471AA00FD8567 /* Release */ = {
			isa = XCBuildConfiguration;
			baseConfigurationReference = E7E72A055BC61D2298C09702 /* Pods-wineFindThankyou.release.xcconfig */;
			buildSettings = {
				ASSETCATALOG_COMPILER_APPICON_NAME = AppIcon;
				ASSETCATALOG_COMPILER_GLOBAL_ACCENT_COLOR_NAME = AccentColor;
				CODE_SIGN_ENTITLEMENTS = wineFindThankyou.entitlements;
				CODE_SIGN_STYLE = Automatic;
				CURRENT_PROJECT_VERSION = 1;
				DEVELOPMENT_TEAM = 385Y9B45N8;
				GENERATE_INFOPLIST_FILE = YES;
				INFOPLIST_FILE = wineFineThankyou/Info.plist;
				INFOPLIST_KEY_NSCameraUsageDescription = "Access Camera";
				INFOPLIST_KEY_UIApplicationSupportsIndirectInputEvents = YES;
				INFOPLIST_KEY_UILaunchStoryboardName = LaunchScreen;
				INFOPLIST_KEY_UIMainStoryboardFile = Main;
				INFOPLIST_KEY_UISupportedInterfaceOrientations = "";
				INFOPLIST_KEY_UISupportedInterfaceOrientations_iPad = "UIInterfaceOrientationPortrait UIInterfaceOrientationPortraitUpsideDown UIInterfaceOrientationLandscapeLeft UIInterfaceOrientationLandscapeRight";
				INFOPLIST_KEY_UISupportedInterfaceOrientations_iPhone = "UIInterfaceOrientationPortrait UIInterfaceOrientationLandscapeLeft UIInterfaceOrientationLandscapeRight";
				INFOPLIST_KEY_UIUserInterfaceStyle = Light;
				IPHONEOS_DEPLOYMENT_TARGET = 14.0;
				LD_RUNPATH_SEARCH_PATHS = (
					"$(inherited)",
					"@executable_path/Frameworks",
				);
				MARKETING_VERSION = 1.0;
				ONLY_ACTIVE_ARCH = YES;
				PRODUCT_BUNDLE_IDENTIFIER = "com.wft.winefindthanku--";
				PRODUCT_NAME = "$(TARGET_NAME)";
				SWIFT_EMIT_LOC_STRINGS = YES;
				SWIFT_VERSION = 5.0;
				TARGETED_DEVICE_FAMILY = 1;
			};
			name = Release;
		};
		44FF1CE9278471AA00FD8567 /* Debug */ = {
			isa = XCBuildConfiguration;
			baseConfigurationReference = 2D4AF83D65B5240E2B3C20EC /* Pods-wineFindThankyouTests.debug.xcconfig */;
			buildSettings = {
				ALWAYS_EMBED_SWIFT_STANDARD_LIBRARIES = YES;
				BUNDLE_LOADER = "$(TEST_HOST)";
				CODE_SIGN_STYLE = Automatic;
				CURRENT_PROJECT_VERSION = 1;
				DEVELOPMENT_TEAM = 4UY2M9TWUY;
				GENERATE_INFOPLIST_FILE = YES;
				IPHONEOS_DEPLOYMENT_TARGET = 15.0;
				LD_RUNPATH_SEARCH_PATHS = (
					"$(inherited)",
					"@executable_path/Frameworks",
					"@loader_path/Frameworks",
				);
				MARKETING_VERSION = 1.0;
				PRODUCT_BUNDLE_IDENTIFIER = com.betty.wineFineThankyouTests;
				PRODUCT_NAME = "$(TARGET_NAME)";
				SWIFT_EMIT_LOC_STRINGS = NO;
				SWIFT_VERSION = 5.0;
				TARGETED_DEVICE_FAMILY = "1,2";
				TEST_HOST = "$(BUILT_PRODUCTS_DIR)/wineFindThankyou.app/wineFindThankyou";
			};
			name = Debug;
		};
		44FF1CEA278471AA00FD8567 /* Release */ = {
			isa = XCBuildConfiguration;
			baseConfigurationReference = FD52CB24DFA950761B6DFE42 /* Pods-wineFindThankyouTests.release.xcconfig */;
			buildSettings = {
				ALWAYS_EMBED_SWIFT_STANDARD_LIBRARIES = YES;
				BUNDLE_LOADER = "$(TEST_HOST)";
				CODE_SIGN_STYLE = Automatic;
				CURRENT_PROJECT_VERSION = 1;
				DEVELOPMENT_TEAM = 4UY2M9TWUY;
				GENERATE_INFOPLIST_FILE = YES;
				IPHONEOS_DEPLOYMENT_TARGET = 15.0;
				LD_RUNPATH_SEARCH_PATHS = (
					"$(inherited)",
					"@executable_path/Frameworks",
					"@loader_path/Frameworks",
				);
				MARKETING_VERSION = 1.0;
				PRODUCT_BUNDLE_IDENTIFIER = com.betty.wineFineThankyouTests;
				PRODUCT_NAME = "$(TARGET_NAME)";
				SWIFT_EMIT_LOC_STRINGS = NO;
				SWIFT_VERSION = 5.0;
				TARGETED_DEVICE_FAMILY = "1,2";
				TEST_HOST = "$(BUILT_PRODUCTS_DIR)/wineFindThankyou.app/wineFindThankyou";
			};
			name = Release;
		};
		44FF1CEC278471AA00FD8567 /* Debug */ = {
			isa = XCBuildConfiguration;
			baseConfigurationReference = 2EBE164234DD95C32A20322C /* Pods-wineFindThankyou-wineFindThankyouUITests.debug.xcconfig */;
			buildSettings = {
				ALWAYS_EMBED_SWIFT_STANDARD_LIBRARIES = YES;
				CODE_SIGN_STYLE = Automatic;
				CURRENT_PROJECT_VERSION = 1;
				DEVELOPMENT_TEAM = 4UY2M9TWUY;
				GENERATE_INFOPLIST_FILE = YES;
				LD_RUNPATH_SEARCH_PATHS = (
					"$(inherited)",
					"@executable_path/Frameworks",
					"@loader_path/Frameworks",
				);
				MARKETING_VERSION = 1.0;
				PRODUCT_BUNDLE_IDENTIFIER = com.betty.wineFineThankyouUITests;
				PRODUCT_NAME = "$(TARGET_NAME)";
				SWIFT_EMIT_LOC_STRINGS = NO;
				SWIFT_VERSION = 5.0;
				TARGETED_DEVICE_FAMILY = "1,2";
				TEST_TARGET_NAME = wineFineThankyou;
			};
			name = Debug;
		};
		44FF1CED278471AA00FD8567 /* Release */ = {
			isa = XCBuildConfiguration;
			baseConfigurationReference = C325ED762EA532FCB69DD23D /* Pods-wineFindThankyou-wineFindThankyouUITests.release.xcconfig */;
			buildSettings = {
				ALWAYS_EMBED_SWIFT_STANDARD_LIBRARIES = YES;
				CODE_SIGN_STYLE = Automatic;
				CURRENT_PROJECT_VERSION = 1;
				DEVELOPMENT_TEAM = 4UY2M9TWUY;
				GENERATE_INFOPLIST_FILE = YES;
				LD_RUNPATH_SEARCH_PATHS = (
					"$(inherited)",
					"@executable_path/Frameworks",
					"@loader_path/Frameworks",
				);
				MARKETING_VERSION = 1.0;
				PRODUCT_BUNDLE_IDENTIFIER = com.betty.wineFineThankyouUITests;
				PRODUCT_NAME = "$(TARGET_NAME)";
				SWIFT_EMIT_LOC_STRINGS = NO;
				SWIFT_VERSION = 5.0;
				TARGETED_DEVICE_FAMILY = "1,2";
				TEST_TARGET_NAME = wineFineThankyou;
			};
			name = Release;
		};
/* End XCBuildConfiguration section */

/* Begin XCConfigurationList section */
		44FF1CB6278471A700FD8567 /* Build configuration list for PBXProject "wineFindThankyou" */ = {
			isa = XCConfigurationList;
			buildConfigurations = (
				44FF1CE3278471AA00FD8567 /* Debug */,
				44FF1CE4278471AA00FD8567 /* Release */,
			);
			defaultConfigurationIsVisible = 0;
			defaultConfigurationName = Release;
		};
		44FF1CE5278471AA00FD8567 /* Build configuration list for PBXNativeTarget "wineFindThankyou" */ = {
			isa = XCConfigurationList;
			buildConfigurations = (
				44FF1CE6278471AA00FD8567 /* Debug */,
				44FF1CE7278471AA00FD8567 /* Release */,
			);
			defaultConfigurationIsVisible = 0;
			defaultConfigurationName = Release;
		};
		44FF1CE8278471AA00FD8567 /* Build configuration list for PBXNativeTarget "wineFindThankyouTests" */ = {
			isa = XCConfigurationList;
			buildConfigurations = (
				44FF1CE9278471AA00FD8567 /* Debug */,
				44FF1CEA278471AA00FD8567 /* Release */,
			);
			defaultConfigurationIsVisible = 0;
			defaultConfigurationName = Release;
		};
		44FF1CEB278471AA00FD8567 /* Build configuration list for PBXNativeTarget "wineFindThankyouUITests" */ = {
			isa = XCConfigurationList;
			buildConfigurations = (
				44FF1CEC278471AA00FD8567 /* Debug */,
				44FF1CED278471AA00FD8567 /* Release */,
			);
			defaultConfigurationIsVisible = 0;
			defaultConfigurationName = Release;
		};
/* End XCConfigurationList section */

/* Begin XCRemoteSwiftPackageReference section */
		44FF1CF82786C03000FD8567 /* XCRemoteSwiftPackageReference "firebase-ios-sdk" */ = {
			isa = XCRemoteSwiftPackageReference;
			repositoryURL = "https://github.com/firebase/firebase-ios-sdk";
			requirement = {
				kind = upToNextMajorVersion;
				minimumVersion = 8.0.0;
			};
		};
		BAB4079127A7900000B6E352 /* XCRemoteSwiftPackageReference "Swift-SMTP" */ = {
			isa = XCRemoteSwiftPackageReference;
			repositoryURL = "https://github.com/IBM-Swift/Swift-SMTP";
			requirement = {
				kind = upToNextMajorVersion;
				minimumVersion = 6.0.0;
			};
		};
/* End XCRemoteSwiftPackageReference section */

/* Begin XCSwiftPackageProductDependency section */
		44FF1CF92786C03000FD8567 /* FirebaseAuth */ = {
			isa = XCSwiftPackageProductDependency;
			package = 44FF1CF82786C03000FD8567 /* XCRemoteSwiftPackageReference "firebase-ios-sdk" */;
			productName = FirebaseAuth;
		};
		BAB4079227A7900000B6E352 /* SwiftSMTP */ = {
			isa = XCSwiftPackageProductDependency;
			package = BAB4079127A7900000B6E352 /* XCRemoteSwiftPackageReference "Swift-SMTP" */;
			productName = SwiftSMTP;
		};
/* End XCSwiftPackageProductDependency section */
	};
	rootObject = 44FF1CB3278471A700FD8567 /* Project object */;
}
